// !$*UTF8*$!
{
	archiveVersion = 1;
	classes = {
	};
	objectVersion = 56;
	objects = {

/* Begin PBXBuildFile section */
		113D7A26294D73B30032A457 /* The_Stomping_GroundApp.swift in Sources */ = {isa = PBXBuildFile; fileRef = 113D7A25294D73B30032A457 /* The_Stomping_GroundApp.swift */; };
		113D7A2A294D73B40032A457 /* Assets.xcassets in Resources */ = {isa = PBXBuildFile; fileRef = 113D7A29294D73B40032A457 /* Assets.xcassets */; };
		113D7A2E294D73B40032A457 /* Preview Assets.xcassets in Resources */ = {isa = PBXBuildFile; fileRef = 113D7A2D294D73B40032A457 /* Preview Assets.xcassets */; };
		113D7A38294D73B40032A457 /* The_Stomping_GroundTests.swift in Sources */ = {isa = PBXBuildFile; fileRef = 113D7A37294D73B40032A457 /* The_Stomping_GroundTests.swift */; };
		113D7A42294D73B40032A457 /* The_Stomping_GroundUITests.swift in Sources */ = {isa = PBXBuildFile; fileRef = 113D7A41294D73B40032A457 /* The_Stomping_GroundUITests.swift */; };
		113D7A44294D73B40032A457 /* The_Stomping_GroundUITestsLaunchTests.swift in Sources */ = {isa = PBXBuildFile; fileRef = 113D7A43294D73B40032A457 /* The_Stomping_GroundUITestsLaunchTests.swift */; };
		113D7A52294D75EF0032A457 /* FirebaseAuth in Frameworks */ = {isa = PBXBuildFile; productRef = 113D7A51294D75EF0032A457 /* FirebaseAuth */; };
		113D7A54294D75EF0032A457 /* FirebaseDatabase in Frameworks */ = {isa = PBXBuildFile; productRef = 113D7A53294D75EF0032A457 /* FirebaseDatabase */; };
		113D7A56294D75EF0032A457 /* FirebaseDatabaseSwift in Frameworks */ = {isa = PBXBuildFile; productRef = 113D7A55294D75EF0032A457 /* FirebaseDatabaseSwift */; };
		113D7A58294D75EF0032A457 /* FirebaseFirestore in Frameworks */ = {isa = PBXBuildFile; productRef = 113D7A57294D75EF0032A457 /* FirebaseFirestore */; };
		113D7A5A294D75EF0032A457 /* FirebaseFirestoreSwift in Frameworks */ = {isa = PBXBuildFile; productRef = 113D7A59294D75EF0032A457 /* FirebaseFirestoreSwift */; };
		113D7A5C294D75EF0032A457 /* FirebaseInAppMessaging-Beta in Frameworks */ = {isa = PBXBuildFile; productRef = 113D7A5B294D75EF0032A457 /* FirebaseInAppMessaging-Beta */; };
		113D7A5E294D75EF0032A457 /* FirebaseInAppMessagingSwift-Beta in Frameworks */ = {isa = PBXBuildFile; productRef = 113D7A5D294D75EF0032A457 /* FirebaseInAppMessagingSwift-Beta */; };
		113D7A60294D75EF0032A457 /* FirebaseMessaging in Frameworks */ = {isa = PBXBuildFile; productRef = 113D7A5F294D75EF0032A457 /* FirebaseMessaging */; };
		113D7A62294D75EF0032A457 /* FirebaseStorage in Frameworks */ = {isa = PBXBuildFile; productRef = 113D7A61294D75EF0032A457 /* FirebaseStorage */; };
		113D7A6C294D77DD0032A457 /* LoginView.swift in Sources */ = {isa = PBXBuildFile; fileRef = 113D7A6B294D77DD0032A457 /* LoginView.swift */; };
		113D7A6E294D77DF0032A457 /* RegisterAccountView.swift in Sources */ = {isa = PBXBuildFile; fileRef = 113D7A6D294D77DF0032A457 /* RegisterAccountView.swift */; };
		114BC130295D502A007AF5D8 /* Camp Pictures in Resources */ = {isa = PBXBuildFile; fileRef = 114BC12F295D502A007AF5D8 /* Camp Pictures */; };
		114BC134295D56ED007AF5D8 /* HomeView.swift in Sources */ = {isa = PBXBuildFile; fileRef = 114BC133295D56ED007AF5D8 /* HomeView.swift */; };
		114BC139295D9108007AF5D8 /* AddPostView.swift in Sources */ = {isa = PBXBuildFile; fileRef = 114BC138295D9108007AF5D8 /* AddPostView.swift */; };
		114BC13B295D97E4007AF5D8 /* SearchView.swift in Sources */ = {isa = PBXBuildFile; fileRef = 114BC13A295D97E4007AF5D8 /* SearchView.swift */; };
		114C8E00294F6A5300028512 /* SDWebImageSwiftUI in Frameworks */ = {isa = PBXBuildFile; productRef = 114C8DFF294F6A5300028512 /* SDWebImageSwiftUI */; };
		115343AB29C648CE004E8ABC /* AddChatParticipantsView.swift in Sources */ = {isa = PBXBuildFile; fileRef = 115343AA29C648CD004E8ABC /* AddChatParticipantsView.swift */; };
		115343AD29C66516004E8ABC /* EditChatView.swift in Sources */ = {isa = PBXBuildFile; fileRef = 115343AC29C66516004E8ABC /* EditChatView.swift */; };
		11624581295EAA8B00C28664 /* NotificationsView.swift in Sources */ = {isa = PBXBuildFile; fileRef = 11624580295EAA8B00C28664 /* NotificationsView.swift */; };
		11624583295FC50E00C28664 /* MakerspaceView.swift in Sources */ = {isa = PBXBuildFile; fileRef = 11624582295FC50E00C28664 /* MakerspaceView.swift */; };
		11624585295FD2FA00C28664 /* StoryModel.swift in Sources */ = {isa = PBXBuildFile; fileRef = 11624584295FD2FA00C28664 /* StoryModel.swift */; };
		11624587295FD84800C28664 /* UserProfileView.swift in Sources */ = {isa = PBXBuildFile; fileRef = 11624586295FD84800C28664 /* UserProfileView.swift */; };
		118AE36B294D818D00331D6C /* Extensions.swift in Sources */ = {isa = PBXBuildFile; fileRef = 118AE36A294D818D00331D6C /* Extensions.swift */; };
		118AE36D294D92A900331D6C /* FirebaseManager.swift in Sources */ = {isa = PBXBuildFile; fileRef = 118AE36C294D92A900331D6C /* FirebaseManager.swift */; };
		118AE373294D9BFD00331D6C /* UserModel.swift in Sources */ = {isa = PBXBuildFile; fileRef = 118AE372294D9BFD00331D6C /* UserModel.swift */; };
		118AE375294D9C5200331D6C /* SelectProfileImageView.swift in Sources */ = {isa = PBXBuildFile; fileRef = 118AE374294D9C5200331D6C /* SelectProfileImageView.swift */; };
		118AE377294D9CB800331D6C /* EditProfileView.swift in Sources */ = {isa = PBXBuildFile; fileRef = 118AE376294D9CB800331D6C /* EditProfileView.swift */; };
		118AE37A294E95F800331D6C /* ChatListView.swift in Sources */ = {isa = PBXBuildFile; fileRef = 118AE379294E95F800331D6C /* ChatListView.swift */; };
		119AE46129BBA3CF00B96679 /* UserView.swift in Sources */ = {isa = PBXBuildFile; fileRef = 119AE46029BBA3CF00B96679 /* UserView.swift */; };
		119AE46329BBB52300B96679 /* CreateNewChatView.swift in Sources */ = {isa = PBXBuildFile; fileRef = 119AE46229BBB52300B96679 /* CreateNewChatView.swift */; };
		11ACABA729B93ED200F8AF55 /* Constants.swift in Sources */ = {isa = PBXBuildFile; fileRef = 11ACABA629B93ED200F8AF55 /* Constants.swift */; };
		11BC97722A0723D10048DFD1 /* HStackSnap.swift in Sources */ = {isa = PBXBuildFile; fileRef = 11BC97712A0723D10048DFD1 /* HStackSnap.swift */; };
		11BC97742A0772360048DFD1 /* ExpandedPostView.swift in Sources */ = {isa = PBXBuildFile; fileRef = 11BC97732A0772360048DFD1 /* ExpandedPostView.swift */; };
		11BC97762A079A270048DFD1 /* StoryCreatorView.swift in Sources */ = {isa = PBXBuildFile; fileRef = 11BC97752A079A270048DFD1 /* StoryCreatorView.swift */; };
		11BC97892A083B800048DFD1 /* Montserrat-ThinItalic.ttf in Resources */ = {isa = PBXBuildFile; fileRef = 11BC97772A083B7F0048DFD1 /* Montserrat-ThinItalic.ttf */; };
		11BC978A2A083B800048DFD1 /* Montserrat-ThinItalic.ttf in Resources */ = {isa = PBXBuildFile; fileRef = 11BC97772A083B7F0048DFD1 /* Montserrat-ThinItalic.ttf */; };
		11BC978B2A083B800048DFD1 /* Montserrat-ThinItalic.ttf in Resources */ = {isa = PBXBuildFile; fileRef = 11BC97772A083B7F0048DFD1 /* Montserrat-ThinItalic.ttf */; };
		11BC978C2A083B800048DFD1 /* Montserrat-SemiBold.ttf in Resources */ = {isa = PBXBuildFile; fileRef = 11BC97782A083B7F0048DFD1 /* Montserrat-SemiBold.ttf */; };
		11BC978D2A083B800048DFD1 /* Montserrat-SemiBold.ttf in Resources */ = {isa = PBXBuildFile; fileRef = 11BC97782A083B7F0048DFD1 /* Montserrat-SemiBold.ttf */; };
		11BC978E2A083B800048DFD1 /* Montserrat-SemiBold.ttf in Resources */ = {isa = PBXBuildFile; fileRef = 11BC97782A083B7F0048DFD1 /* Montserrat-SemiBold.ttf */; };
		11BC978F2A083B800048DFD1 /* Montserrat-ExtraLight.ttf in Resources */ = {isa = PBXBuildFile; fileRef = 11BC97792A083B7F0048DFD1 /* Montserrat-ExtraLight.ttf */; };
		11BC97902A083B800048DFD1 /* Montserrat-ExtraLight.ttf in Resources */ = {isa = PBXBuildFile; fileRef = 11BC97792A083B7F0048DFD1 /* Montserrat-ExtraLight.ttf */; };
		11BC97912A083B800048DFD1 /* Montserrat-ExtraLight.ttf in Resources */ = {isa = PBXBuildFile; fileRef = 11BC97792A083B7F0048DFD1 /* Montserrat-ExtraLight.ttf */; };
		11BC97922A083B800048DFD1 /* Montserrat-ExtraBoldItalic.ttf in Resources */ = {isa = PBXBuildFile; fileRef = 11BC977A2A083B7F0048DFD1 /* Montserrat-ExtraBoldItalic.ttf */; };
		11BC97932A083B800048DFD1 /* Montserrat-ExtraBoldItalic.ttf in Resources */ = {isa = PBXBuildFile; fileRef = 11BC977A2A083B7F0048DFD1 /* Montserrat-ExtraBoldItalic.ttf */; };
		11BC97942A083B800048DFD1 /* Montserrat-ExtraBoldItalic.ttf in Resources */ = {isa = PBXBuildFile; fileRef = 11BC977A2A083B7F0048DFD1 /* Montserrat-ExtraBoldItalic.ttf */; };
		11BC97952A083B800048DFD1 /* Montserrat-Italic.ttf in Resources */ = {isa = PBXBuildFile; fileRef = 11BC977B2A083B800048DFD1 /* Montserrat-Italic.ttf */; };
		11BC97962A083B800048DFD1 /* Montserrat-Italic.ttf in Resources */ = {isa = PBXBuildFile; fileRef = 11BC977B2A083B800048DFD1 /* Montserrat-Italic.ttf */; };
		11BC97972A083B800048DFD1 /* Montserrat-Italic.ttf in Resources */ = {isa = PBXBuildFile; fileRef = 11BC977B2A083B800048DFD1 /* Montserrat-Italic.ttf */; };
		11BC97982A083B800048DFD1 /* Montserrat-Medium.ttf in Resources */ = {isa = PBXBuildFile; fileRef = 11BC977C2A083B800048DFD1 /* Montserrat-Medium.ttf */; };
		11BC97992A083B800048DFD1 /* Montserrat-Medium.ttf in Resources */ = {isa = PBXBuildFile; fileRef = 11BC977C2A083B800048DFD1 /* Montserrat-Medium.ttf */; };
		11BC979A2A083B800048DFD1 /* Montserrat-Medium.ttf in Resources */ = {isa = PBXBuildFile; fileRef = 11BC977C2A083B800048DFD1 /* Montserrat-Medium.ttf */; };
		11BC979B2A083B800048DFD1 /* Montserrat-BlackItalic.ttf in Resources */ = {isa = PBXBuildFile; fileRef = 11BC977D2A083B800048DFD1 /* Montserrat-BlackItalic.ttf */; };
		11BC979C2A083B800048DFD1 /* Montserrat-BlackItalic.ttf in Resources */ = {isa = PBXBuildFile; fileRef = 11BC977D2A083B800048DFD1 /* Montserrat-BlackItalic.ttf */; };
		11BC979D2A083B800048DFD1 /* Montserrat-BlackItalic.ttf in Resources */ = {isa = PBXBuildFile; fileRef = 11BC977D2A083B800048DFD1 /* Montserrat-BlackItalic.ttf */; };
		11BC979E2A083B800048DFD1 /* Montserrat-MediumItalic.ttf in Resources */ = {isa = PBXBuildFile; fileRef = 11BC977E2A083B800048DFD1 /* Montserrat-MediumItalic.ttf */; };
		11BC979F2A083B800048DFD1 /* Montserrat-MediumItalic.ttf in Resources */ = {isa = PBXBuildFile; fileRef = 11BC977E2A083B800048DFD1 /* Montserrat-MediumItalic.ttf */; };
		11BC97A02A083B800048DFD1 /* Montserrat-MediumItalic.ttf in Resources */ = {isa = PBXBuildFile; fileRef = 11BC977E2A083B800048DFD1 /* Montserrat-MediumItalic.ttf */; };
		11BC97A12A083B800048DFD1 /* Montserrat-Regular.ttf in Resources */ = {isa = PBXBuildFile; fileRef = 11BC977F2A083B800048DFD1 /* Montserrat-Regular.ttf */; };
		11BC97A22A083B800048DFD1 /* Montserrat-Regular.ttf in Resources */ = {isa = PBXBuildFile; fileRef = 11BC977F2A083B800048DFD1 /* Montserrat-Regular.ttf */; };
		11BC97A32A083B800048DFD1 /* Montserrat-Regular.ttf in Resources */ = {isa = PBXBuildFile; fileRef = 11BC977F2A083B800048DFD1 /* Montserrat-Regular.ttf */; };
		11BC97A42A083B800048DFD1 /* Montserrat-SemiBoldItalic.ttf in Resources */ = {isa = PBXBuildFile; fileRef = 11BC97802A083B800048DFD1 /* Montserrat-SemiBoldItalic.ttf */; };
		11BC97A52A083B800048DFD1 /* Montserrat-SemiBoldItalic.ttf in Resources */ = {isa = PBXBuildFile; fileRef = 11BC97802A083B800048DFD1 /* Montserrat-SemiBoldItalic.ttf */; };
		11BC97A62A083B800048DFD1 /* Montserrat-SemiBoldItalic.ttf in Resources */ = {isa = PBXBuildFile; fileRef = 11BC97802A083B800048DFD1 /* Montserrat-SemiBoldItalic.ttf */; };
		11BC97A72A083B800048DFD1 /* Montserrat-Thin.ttf in Resources */ = {isa = PBXBuildFile; fileRef = 11BC97812A083B800048DFD1 /* Montserrat-Thin.ttf */; };
		11BC97A82A083B800048DFD1 /* Montserrat-Thin.ttf in Resources */ = {isa = PBXBuildFile; fileRef = 11BC97812A083B800048DFD1 /* Montserrat-Thin.ttf */; };
		11BC97A92A083B800048DFD1 /* Montserrat-Thin.ttf in Resources */ = {isa = PBXBuildFile; fileRef = 11BC97812A083B800048DFD1 /* Montserrat-Thin.ttf */; };
		11BC97AA2A083B800048DFD1 /* Montserrat-LightItalic.ttf in Resources */ = {isa = PBXBuildFile; fileRef = 11BC97822A083B800048DFD1 /* Montserrat-LightItalic.ttf */; };
		11BC97AB2A083B800048DFD1 /* Montserrat-LightItalic.ttf in Resources */ = {isa = PBXBuildFile; fileRef = 11BC97822A083B800048DFD1 /* Montserrat-LightItalic.ttf */; };
		11BC97AC2A083B800048DFD1 /* Montserrat-LightItalic.ttf in Resources */ = {isa = PBXBuildFile; fileRef = 11BC97822A083B800048DFD1 /* Montserrat-LightItalic.ttf */; };
		11BC97AD2A083B800048DFD1 /* Montserrat-BoldItalic.ttf in Resources */ = {isa = PBXBuildFile; fileRef = 11BC97832A083B800048DFD1 /* Montserrat-BoldItalic.ttf */; };
		11BC97AE2A083B800048DFD1 /* Montserrat-BoldItalic.ttf in Resources */ = {isa = PBXBuildFile; fileRef = 11BC97832A083B800048DFD1 /* Montserrat-BoldItalic.ttf */; };
		11BC97AF2A083B800048DFD1 /* Montserrat-BoldItalic.ttf in Resources */ = {isa = PBXBuildFile; fileRef = 11BC97832A083B800048DFD1 /* Montserrat-BoldItalic.ttf */; };
		11BC97B02A083B800048DFD1 /* Montserrat-Bold.ttf in Resources */ = {isa = PBXBuildFile; fileRef = 11BC97842A083B800048DFD1 /* Montserrat-Bold.ttf */; };
		11BC97B12A083B800048DFD1 /* Montserrat-Bold.ttf in Resources */ = {isa = PBXBuildFile; fileRef = 11BC97842A083B800048DFD1 /* Montserrat-Bold.ttf */; };
		11BC97B22A083B800048DFD1 /* Montserrat-Bold.ttf in Resources */ = {isa = PBXBuildFile; fileRef = 11BC97842A083B800048DFD1 /* Montserrat-Bold.ttf */; };
		11BC97B32A083B800048DFD1 /* Montserrat-Light.ttf in Resources */ = {isa = PBXBuildFile; fileRef = 11BC97852A083B800048DFD1 /* Montserrat-Light.ttf */; };
		11BC97B42A083B800048DFD1 /* Montserrat-Light.ttf in Resources */ = {isa = PBXBuildFile; fileRef = 11BC97852A083B800048DFD1 /* Montserrat-Light.ttf */; };
		11BC97B52A083B800048DFD1 /* Montserrat-Light.ttf in Resources */ = {isa = PBXBuildFile; fileRef = 11BC97852A083B800048DFD1 /* Montserrat-Light.ttf */; };
		11BC97B62A083B800048DFD1 /* Montserrat-ExtraBold.ttf in Resources */ = {isa = PBXBuildFile; fileRef = 11BC97862A083B800048DFD1 /* Montserrat-ExtraBold.ttf */; };
		11BC97B72A083B800048DFD1 /* Montserrat-ExtraBold.ttf in Resources */ = {isa = PBXBuildFile; fileRef = 11BC97862A083B800048DFD1 /* Montserrat-ExtraBold.ttf */; };
		11BC97B82A083B800048DFD1 /* Montserrat-ExtraBold.ttf in Resources */ = {isa = PBXBuildFile; fileRef = 11BC97862A083B800048DFD1 /* Montserrat-ExtraBold.ttf */; };
		11BC97B92A083B800048DFD1 /* Montserrat-Black.ttf in Resources */ = {isa = PBXBuildFile; fileRef = 11BC97872A083B800048DFD1 /* Montserrat-Black.ttf */; };
		11BC97BA2A083B800048DFD1 /* Montserrat-Black.ttf in Resources */ = {isa = PBXBuildFile; fileRef = 11BC97872A083B800048DFD1 /* Montserrat-Black.ttf */; };
		11BC97BB2A083B800048DFD1 /* Montserrat-Black.ttf in Resources */ = {isa = PBXBuildFile; fileRef = 11BC97872A083B800048DFD1 /* Montserrat-Black.ttf */; };
		11BC97BC2A083B800048DFD1 /* Montserrat-ExtraLightItalic.ttf in Resources */ = {isa = PBXBuildFile; fileRef = 11BC97882A083B800048DFD1 /* Montserrat-ExtraLightItalic.ttf */; };
		11BC97BD2A083B800048DFD1 /* Montserrat-ExtraLightItalic.ttf in Resources */ = {isa = PBXBuildFile; fileRef = 11BC97882A083B800048DFD1 /* Montserrat-ExtraLightItalic.ttf */; };
		11BC97BE2A083B800048DFD1 /* Montserrat-ExtraLightItalic.ttf in Resources */ = {isa = PBXBuildFile; fileRef = 11BC97882A083B800048DFD1 /* Montserrat-ExtraLightItalic.ttf */; };
		11BC97C92A0841A80048DFD1 /* GoogleService-Info.plist in Resources */ = {isa = PBXBuildFile; fileRef = 11DE0463294D7AEE00954E2E /* GoogleService-Info.plist */; };
		11BC97CA2A0841A80048DFD1 /* GoogleService-Info.plist in Resources */ = {isa = PBXBuildFile; fileRef = 11DE0463294D7AEE00954E2E /* GoogleService-Info.plist */; };
		11BC97D12A0873F90048DFD1 /* RegisterACamperView.swift in Sources */ = {isa = PBXBuildFile; fileRef = 11BC97D02A0873F90048DFD1 /* RegisterACamperView.swift */; };
		11BC97D22A0873F90048DFD1 /* RegisterACamperView.swift in Sources */ = {isa = PBXBuildFile; fileRef = 11BC97D02A0873F90048DFD1 /* RegisterACamperView.swift */; };
		11BC97D32A0873F90048DFD1 /* RegisterACamperView.swift in Sources */ = {isa = PBXBuildFile; fileRef = 11BC97D02A0873F90048DFD1 /* RegisterACamperView.swift */; };
		11DE0464294D7AEE00954E2E /* GoogleService-Info.plist in Resources */ = {isa = PBXBuildFile; fileRef = 11DE0463294D7AEE00954E2E /* GoogleService-Info.plist */; };
		11DE87392A018ECF002B9584 /* ContentView.swift in Sources */ = {isa = PBXBuildFile; fileRef = 11DE87382A018ECF002B9584 /* ContentView.swift */; };
		11DE873B2A018F03002B9584 /* StoryBubbleView.swift in Sources */ = {isa = PBXBuildFile; fileRef = 11DE873A2A018F03002B9584 /* StoryBubbleView.swift */; };
		11DE873D2A018F7C002B9584 /* PostView.swift in Sources */ = {isa = PBXBuildFile; fileRef = 11DE873C2A018F7C002B9584 /* PostView.swift */; };
		11DE873F2A019089002B9584 /* BlogView.swift in Sources */ = {isa = PBXBuildFile; fileRef = 11DE873E2A019089002B9584 /* BlogView.swift */; };
		11DE87412A01915A002B9584 /* BlogModel.swift in Sources */ = {isa = PBXBuildFile; fileRef = 11DE87402A01915A002B9584 /* BlogModel.swift */; };
		11DE87492A01CDEF002B9584 /* AveriaSerifLibre-Regular.ttf in Resources */ = {isa = PBXBuildFile; fileRef = 11DE87432A01CDEF002B9584 /* AveriaSerifLibre-Regular.ttf */; };
		11DE874A2A01CDEF002B9584 /* AveriaSerifLibre-Regular.ttf in Resources */ = {isa = PBXBuildFile; fileRef = 11DE87432A01CDEF002B9584 /* AveriaSerifLibre-Regular.ttf */; };
		11DE874B2A01CDEF002B9584 /* AveriaSerifLibre-Regular.ttf in Resources */ = {isa = PBXBuildFile; fileRef = 11DE87432A01CDEF002B9584 /* AveriaSerifLibre-Regular.ttf */; };
		11DE874C2A01CDEF002B9584 /* AveriaSerifLibre-Light.ttf in Resources */ = {isa = PBXBuildFile; fileRef = 11DE87442A01CDEF002B9584 /* AveriaSerifLibre-Light.ttf */; };
		11DE874D2A01CDEF002B9584 /* AveriaSerifLibre-Light.ttf in Resources */ = {isa = PBXBuildFile; fileRef = 11DE87442A01CDEF002B9584 /* AveriaSerifLibre-Light.ttf */; };
		11DE874E2A01CDEF002B9584 /* AveriaSerifLibre-Light.ttf in Resources */ = {isa = PBXBuildFile; fileRef = 11DE87442A01CDEF002B9584 /* AveriaSerifLibre-Light.ttf */; };
		11DE874F2A01CDEF002B9584 /* AveriaSerifLibre-Italic.ttf in Resources */ = {isa = PBXBuildFile; fileRef = 11DE87452A01CDEF002B9584 /* AveriaSerifLibre-Italic.ttf */; };
		11DE87502A01CDEF002B9584 /* AveriaSerifLibre-Italic.ttf in Resources */ = {isa = PBXBuildFile; fileRef = 11DE87452A01CDEF002B9584 /* AveriaSerifLibre-Italic.ttf */; };
		11DE87512A01CDEF002B9584 /* AveriaSerifLibre-Italic.ttf in Resources */ = {isa = PBXBuildFile; fileRef = 11DE87452A01CDEF002B9584 /* AveriaSerifLibre-Italic.ttf */; };
		11DE87522A01CDEF002B9584 /* AveriaSerifLibre-Bold.ttf in Resources */ = {isa = PBXBuildFile; fileRef = 11DE87462A01CDEF002B9584 /* AveriaSerifLibre-Bold.ttf */; };
		11DE87532A01CDEF002B9584 /* AveriaSerifLibre-Bold.ttf in Resources */ = {isa = PBXBuildFile; fileRef = 11DE87462A01CDEF002B9584 /* AveriaSerifLibre-Bold.ttf */; };
		11DE87542A01CDEF002B9584 /* AveriaSerifLibre-Bold.ttf in Resources */ = {isa = PBXBuildFile; fileRef = 11DE87462A01CDEF002B9584 /* AveriaSerifLibre-Bold.ttf */; };
		11DE87552A01CDEF002B9584 /* AveriaSerifLibre-LightItalic.ttf in Resources */ = {isa = PBXBuildFile; fileRef = 11DE87472A01CDEF002B9584 /* AveriaSerifLibre-LightItalic.ttf */; };
		11DE87562A01CDEF002B9584 /* AveriaSerifLibre-LightItalic.ttf in Resources */ = {isa = PBXBuildFile; fileRef = 11DE87472A01CDEF002B9584 /* AveriaSerifLibre-LightItalic.ttf */; };
		11DE87572A01CDEF002B9584 /* AveriaSerifLibre-LightItalic.ttf in Resources */ = {isa = PBXBuildFile; fileRef = 11DE87472A01CDEF002B9584 /* AveriaSerifLibre-LightItalic.ttf */; };
		11DE87582A01CDEF002B9584 /* AveriaSerifLibre-BoldItalic.ttf in Resources */ = {isa = PBXBuildFile; fileRef = 11DE87482A01CDEF002B9584 /* AveriaSerifLibre-BoldItalic.ttf */; };
		11DE87592A01CDEF002B9584 /* AveriaSerifLibre-BoldItalic.ttf in Resources */ = {isa = PBXBuildFile; fileRef = 11DE87482A01CDEF002B9584 /* AveriaSerifLibre-BoldItalic.ttf */; };
		11DE875A2A01CDEF002B9584 /* AveriaSerifLibre-BoldItalic.ttf in Resources */ = {isa = PBXBuildFile; fileRef = 11DE87482A01CDEF002B9584 /* AveriaSerifLibre-BoldItalic.ttf */; };
		11DE875D2A01CDF9002B9584 /* Montserrat-VariableFont_wght.ttf in Resources */ = {isa = PBXBuildFile; fileRef = 11DE875B2A01CDF9002B9584 /* Montserrat-VariableFont_wght.ttf */; };
		11DE875E2A01CDF9002B9584 /* Montserrat-VariableFont_wght.ttf in Resources */ = {isa = PBXBuildFile; fileRef = 11DE875B2A01CDF9002B9584 /* Montserrat-VariableFont_wght.ttf */; };
		11DE875F2A01CDF9002B9584 /* Montserrat-VariableFont_wght.ttf in Resources */ = {isa = PBXBuildFile; fileRef = 11DE875B2A01CDF9002B9584 /* Montserrat-VariableFont_wght.ttf */; };
		11DE87602A01CDF9002B9584 /* Montserrat-Italic-VariableFont_wght.ttf in Resources */ = {isa = PBXBuildFile; fileRef = 11DE875C2A01CDF9002B9584 /* Montserrat-Italic-VariableFont_wght.ttf */; };
		11DE87612A01CDF9002B9584 /* Montserrat-Italic-VariableFont_wght.ttf in Resources */ = {isa = PBXBuildFile; fileRef = 11DE875C2A01CDF9002B9584 /* Montserrat-Italic-VariableFont_wght.ttf */; };
		11DE87622A01CDF9002B9584 /* Montserrat-Italic-VariableFont_wght.ttf in Resources */ = {isa = PBXBuildFile; fileRef = 11DE875C2A01CDF9002B9584 /* Montserrat-Italic-VariableFont_wght.ttf */; };
		11E23696294FC8AA000ED3B1 /* ChatView.swift in Sources */ = {isa = PBXBuildFile; fileRef = 11E23695294FC8AA000ED3B1 /* ChatView.swift */; };
		11E2369D295022C9000ED3B1 /* ChatModel.swift in Sources */ = {isa = PBXBuildFile; fileRef = 11E2369C295022C9000ED3B1 /* ChatModel.swift */; };
		11E236A029502472000ED3B1 /* FirebaseConstants.swift in Sources */ = {isa = PBXBuildFile; fileRef = 11E2369F29502472000ED3B1 /* FirebaseConstants.swift */; };
		11E236A229502BB8000ED3B1 /* ChatMessageView.swift in Sources */ = {isa = PBXBuildFile; fileRef = 11E236A129502BB8000ED3B1 /* ChatMessageView.swift */; };
		11E236A6295036AD000ED3B1 /* PostModel.swift in Sources */ = {isa = PBXBuildFile; fileRef = 11E236A5295036AD000ED3B1 /* PostModel.swift */; };
		11E236A82950374F000ED3B1 /* CommentModel.swift in Sources */ = {isa = PBXBuildFile; fileRef = 11E236A72950374F000ED3B1 /* CommentModel.swift */; };
		11E236AB29513C0B000ED3B1 /* SwiftUIX in Frameworks */ = {isa = PBXBuildFile; productRef = 11E236AA29513C0B000ED3B1 /* SwiftUIX */; };
		11F66E9729BE5A4E00C36DEE /* AuthManager.swift in Sources */ = {isa = PBXBuildFile; fileRef = 11F66E9629BE5A4E00C36DEE /* AuthManager.swift */; };
		11F66E9929BE5B1A00C36DEE /* DatabaseManager.swift in Sources */ = {isa = PBXBuildFile; fileRef = 11F66E9829BE5B1A00C36DEE /* DatabaseManager.swift */; };
/* End PBXBuildFile section */

/* Begin PBXContainerItemProxy section */
		113D7A34294D73B40032A457 /* PBXContainerItemProxy */ = {
			isa = PBXContainerItemProxy;
			containerPortal = 113D7A1A294D73B30032A457 /* Project object */;
			proxyType = 1;
			remoteGlobalIDString = 113D7A21294D73B30032A457;
			remoteInfo = "The-Stomping-Ground";
		};
		113D7A3E294D73B40032A457 /* PBXContainerItemProxy */ = {
			isa = PBXContainerItemProxy;
			containerPortal = 113D7A1A294D73B30032A457 /* Project object */;
			proxyType = 1;
			remoteGlobalIDString = 113D7A21294D73B30032A457;
			remoteInfo = "The-Stomping-Ground";
		};
/* End PBXContainerItemProxy section */

/* Begin PBXFileReference section */
		113D7A22294D73B30032A457 /* The-Stomping-Ground.app */ = {isa = PBXFileReference; explicitFileType = wrapper.application; includeInIndex = 0; path = "The-Stomping-Ground.app"; sourceTree = BUILT_PRODUCTS_DIR; };
		113D7A25294D73B30032A457 /* The_Stomping_GroundApp.swift */ = {isa = PBXFileReference; lastKnownFileType = sourcecode.swift; path = The_Stomping_GroundApp.swift; sourceTree = "<group>"; };
		113D7A29294D73B40032A457 /* Assets.xcassets */ = {isa = PBXFileReference; lastKnownFileType = folder.assetcatalog; path = Assets.xcassets; sourceTree = "<group>"; };
		113D7A2B294D73B40032A457 /* The_Stomping_Ground.entitlements */ = {isa = PBXFileReference; lastKnownFileType = text.plist.entitlements; path = The_Stomping_Ground.entitlements; sourceTree = "<group>"; };
		113D7A2D294D73B40032A457 /* Preview Assets.xcassets */ = {isa = PBXFileReference; lastKnownFileType = folder.assetcatalog; path = "Preview Assets.xcassets"; sourceTree = "<group>"; };
		113D7A33294D73B40032A457 /* The-Stomping-GroundTests.xctest */ = {isa = PBXFileReference; explicitFileType = wrapper.cfbundle; includeInIndex = 0; path = "The-Stomping-GroundTests.xctest"; sourceTree = BUILT_PRODUCTS_DIR; };
		113D7A37294D73B40032A457 /* The_Stomping_GroundTests.swift */ = {isa = PBXFileReference; lastKnownFileType = sourcecode.swift; path = The_Stomping_GroundTests.swift; sourceTree = "<group>"; };
		113D7A3D294D73B40032A457 /* The-Stomping-GroundUITests.xctest */ = {isa = PBXFileReference; explicitFileType = wrapper.cfbundle; includeInIndex = 0; path = "The-Stomping-GroundUITests.xctest"; sourceTree = BUILT_PRODUCTS_DIR; };
		113D7A41294D73B40032A457 /* The_Stomping_GroundUITests.swift */ = {isa = PBXFileReference; lastKnownFileType = sourcecode.swift; path = The_Stomping_GroundUITests.swift; sourceTree = "<group>"; };
		113D7A43294D73B40032A457 /* The_Stomping_GroundUITestsLaunchTests.swift */ = {isa = PBXFileReference; lastKnownFileType = sourcecode.swift; path = The_Stomping_GroundUITestsLaunchTests.swift; sourceTree = "<group>"; };
		113D7A6B294D77DD0032A457 /* LoginView.swift */ = {isa = PBXFileReference; lastKnownFileType = sourcecode.swift; path = LoginView.swift; sourceTree = "<group>"; };
		113D7A6D294D77DF0032A457 /* RegisterAccountView.swift */ = {isa = PBXFileReference; lastKnownFileType = sourcecode.swift; path = RegisterAccountView.swift; sourceTree = "<group>"; };
		114BC12F295D502A007AF5D8 /* Camp Pictures */ = {isa = PBXFileReference; fileEncoding = 4; lastKnownFileType = text; path = "Camp Pictures"; sourceTree = SOURCE_ROOT; };
		114BC133295D56ED007AF5D8 /* HomeView.swift */ = {isa = PBXFileReference; lastKnownFileType = sourcecode.swift; path = HomeView.swift; sourceTree = "<group>"; };
		114BC138295D9108007AF5D8 /* AddPostView.swift */ = {isa = PBXFileReference; lastKnownFileType = sourcecode.swift; path = AddPostView.swift; sourceTree = "<group>"; };
		114BC13A295D97E4007AF5D8 /* SearchView.swift */ = {isa = PBXFileReference; lastKnownFileType = sourcecode.swift; path = SearchView.swift; sourceTree = "<group>"; };
		115343AA29C648CD004E8ABC /* AddChatParticipantsView.swift */ = {isa = PBXFileReference; lastKnownFileType = sourcecode.swift; path = AddChatParticipantsView.swift; sourceTree = "<group>"; };
		115343AC29C66516004E8ABC /* EditChatView.swift */ = {isa = PBXFileReference; lastKnownFileType = sourcecode.swift; path = EditChatView.swift; sourceTree = "<group>"; };
		11624580295EAA8B00C28664 /* NotificationsView.swift */ = {isa = PBXFileReference; lastKnownFileType = sourcecode.swift; path = NotificationsView.swift; sourceTree = "<group>"; };
		11624582295FC50E00C28664 /* MakerspaceView.swift */ = {isa = PBXFileReference; lastKnownFileType = sourcecode.swift; path = MakerspaceView.swift; sourceTree = "<group>"; };
		11624584295FD2FA00C28664 /* StoryModel.swift */ = {isa = PBXFileReference; lastKnownFileType = sourcecode.swift; path = StoryModel.swift; sourceTree = "<group>"; };
		11624586295FD84800C28664 /* UserProfileView.swift */ = {isa = PBXFileReference; lastKnownFileType = sourcecode.swift; path = UserProfileView.swift; sourceTree = "<group>"; };
		118AE36A294D818D00331D6C /* Extensions.swift */ = {isa = PBXFileReference; lastKnownFileType = sourcecode.swift; path = Extensions.swift; sourceTree = "<group>"; };
		118AE36C294D92A900331D6C /* FirebaseManager.swift */ = {isa = PBXFileReference; lastKnownFileType = sourcecode.swift; path = FirebaseManager.swift; sourceTree = "<group>"; };
		118AE372294D9BFD00331D6C /* UserModel.swift */ = {isa = PBXFileReference; lastKnownFileType = sourcecode.swift; path = UserModel.swift; sourceTree = "<group>"; };
		118AE374294D9C5200331D6C /* SelectProfileImageView.swift */ = {isa = PBXFileReference; lastKnownFileType = sourcecode.swift; path = SelectProfileImageView.swift; sourceTree = "<group>"; };
		118AE376294D9CB800331D6C /* EditProfileView.swift */ = {isa = PBXFileReference; lastKnownFileType = sourcecode.swift; path = EditProfileView.swift; sourceTree = "<group>"; };
		118AE379294E95F800331D6C /* ChatListView.swift */ = {isa = PBXFileReference; lastKnownFileType = sourcecode.swift; path = ChatListView.swift; sourceTree = "<group>"; };
		119AE46029BBA3CF00B96679 /* UserView.swift */ = {isa = PBXFileReference; lastKnownFileType = sourcecode.swift; path = UserView.swift; sourceTree = "<group>"; };
		119AE46229BBB52300B96679 /* CreateNewChatView.swift */ = {isa = PBXFileReference; lastKnownFileType = sourcecode.swift; path = CreateNewChatView.swift; sourceTree = "<group>"; };
		11ACABA629B93ED200F8AF55 /* Constants.swift */ = {isa = PBXFileReference; lastKnownFileType = sourcecode.swift; path = Constants.swift; sourceTree = "<group>"; };
		11BC97712A0723D10048DFD1 /* HStackSnap.swift */ = {isa = PBXFileReference; lastKnownFileType = sourcecode.swift; path = HStackSnap.swift; sourceTree = "<group>"; };
		11BC97732A0772360048DFD1 /* ExpandedPostView.swift */ = {isa = PBXFileReference; lastKnownFileType = sourcecode.swift; path = ExpandedPostView.swift; sourceTree = "<group>"; };
		11BC97752A079A270048DFD1 /* StoryCreatorView.swift */ = {isa = PBXFileReference; lastKnownFileType = sourcecode.swift; path = StoryCreatorView.swift; sourceTree = "<group>"; };
		11BC97772A083B7F0048DFD1 /* Montserrat-ThinItalic.ttf */ = {isa = PBXFileReference; lastKnownFileType = file; path = "Montserrat-ThinItalic.ttf"; sourceTree = "<group>"; };
		11BC97782A083B7F0048DFD1 /* Montserrat-SemiBold.ttf */ = {isa = PBXFileReference; lastKnownFileType = file; path = "Montserrat-SemiBold.ttf"; sourceTree = "<group>"; };
		11BC97792A083B7F0048DFD1 /* Montserrat-ExtraLight.ttf */ = {isa = PBXFileReference; lastKnownFileType = file; path = "Montserrat-ExtraLight.ttf"; sourceTree = "<group>"; };
		11BC977A2A083B7F0048DFD1 /* Montserrat-ExtraBoldItalic.ttf */ = {isa = PBXFileReference; lastKnownFileType = file; path = "Montserrat-ExtraBoldItalic.ttf"; sourceTree = "<group>"; };
		11BC977B2A083B800048DFD1 /* Montserrat-Italic.ttf */ = {isa = PBXFileReference; lastKnownFileType = file; path = "Montserrat-Italic.ttf"; sourceTree = "<group>"; };
		11BC977C2A083B800048DFD1 /* Montserrat-Medium.ttf */ = {isa = PBXFileReference; lastKnownFileType = file; path = "Montserrat-Medium.ttf"; sourceTree = "<group>"; };
		11BC977D2A083B800048DFD1 /* Montserrat-BlackItalic.ttf */ = {isa = PBXFileReference; lastKnownFileType = file; path = "Montserrat-BlackItalic.ttf"; sourceTree = "<group>"; };
		11BC977E2A083B800048DFD1 /* Montserrat-MediumItalic.ttf */ = {isa = PBXFileReference; lastKnownFileType = file; path = "Montserrat-MediumItalic.ttf"; sourceTree = "<group>"; };
		11BC977F2A083B800048DFD1 /* Montserrat-Regular.ttf */ = {isa = PBXFileReference; lastKnownFileType = file; path = "Montserrat-Regular.ttf"; sourceTree = "<group>"; };
		11BC97802A083B800048DFD1 /* Montserrat-SemiBoldItalic.ttf */ = {isa = PBXFileReference; lastKnownFileType = file; path = "Montserrat-SemiBoldItalic.ttf"; sourceTree = "<group>"; };
		11BC97812A083B800048DFD1 /* Montserrat-Thin.ttf */ = {isa = PBXFileReference; lastKnownFileType = file; path = "Montserrat-Thin.ttf"; sourceTree = "<group>"; };
		11BC97822A083B800048DFD1 /* Montserrat-LightItalic.ttf */ = {isa = PBXFileReference; lastKnownFileType = file; path = "Montserrat-LightItalic.ttf"; sourceTree = "<group>"; };
		11BC97832A083B800048DFD1 /* Montserrat-BoldItalic.ttf */ = {isa = PBXFileReference; lastKnownFileType = file; path = "Montserrat-BoldItalic.ttf"; sourceTree = "<group>"; };
		11BC97842A083B800048DFD1 /* Montserrat-Bold.ttf */ = {isa = PBXFileReference; lastKnownFileType = file; path = "Montserrat-Bold.ttf"; sourceTree = "<group>"; };
		11BC97852A083B800048DFD1 /* Montserrat-Light.ttf */ = {isa = PBXFileReference; lastKnownFileType = file; path = "Montserrat-Light.ttf"; sourceTree = "<group>"; };
		11BC97862A083B800048DFD1 /* Montserrat-ExtraBold.ttf */ = {isa = PBXFileReference; lastKnownFileType = file; path = "Montserrat-ExtraBold.ttf"; sourceTree = "<group>"; };
		11BC97872A083B800048DFD1 /* Montserrat-Black.ttf */ = {isa = PBXFileReference; lastKnownFileType = file; path = "Montserrat-Black.ttf"; sourceTree = "<group>"; };
		11BC97882A083B800048DFD1 /* Montserrat-ExtraLightItalic.ttf */ = {isa = PBXFileReference; lastKnownFileType = file; path = "Montserrat-ExtraLightItalic.ttf"; sourceTree = "<group>"; };
		11BC97D02A0873F90048DFD1 /* RegisterACamperView.swift */ = {isa = PBXFileReference; lastKnownFileType = sourcecode.swift; path = RegisterACamperView.swift; sourceTree = "<group>"; };
		11DE0463294D7AEE00954E2E /* GoogleService-Info.plist */ = {isa = PBXFileReference; fileEncoding = 4; lastKnownFileType = text.plist.xml; name = "GoogleService-Info.plist"; path = "../../../../Downloads/GoogleService-Info.plist"; sourceTree = "<group>"; };
		11DE87382A018ECF002B9584 /* ContentView.swift */ = {isa = PBXFileReference; lastKnownFileType = sourcecode.swift; path = ContentView.swift; sourceTree = "<group>"; };
		11DE873A2A018F03002B9584 /* StoryBubbleView.swift */ = {isa = PBXFileReference; lastKnownFileType = sourcecode.swift; path = StoryBubbleView.swift; sourceTree = "<group>"; };
		11DE873C2A018F7C002B9584 /* PostView.swift */ = {isa = PBXFileReference; lastKnownFileType = sourcecode.swift; path = PostView.swift; sourceTree = "<group>"; };
		11DE873E2A019089002B9584 /* BlogView.swift */ = {isa = PBXFileReference; lastKnownFileType = sourcecode.swift; path = BlogView.swift; sourceTree = "<group>"; };
		11DE87402A01915A002B9584 /* BlogModel.swift */ = {isa = PBXFileReference; lastKnownFileType = sourcecode.swift; path = BlogModel.swift; sourceTree = "<group>"; };
		11DE87432A01CDEF002B9584 /* AveriaSerifLibre-Regular.ttf */ = {isa = PBXFileReference; lastKnownFileType = file; path = "AveriaSerifLibre-Regular.ttf"; sourceTree = "<group>"; };
		11DE87442A01CDEF002B9584 /* AveriaSerifLibre-Light.ttf */ = {isa = PBXFileReference; lastKnownFileType = file; path = "AveriaSerifLibre-Light.ttf"; sourceTree = "<group>"; };
		11DE87452A01CDEF002B9584 /* AveriaSerifLibre-Italic.ttf */ = {isa = PBXFileReference; lastKnownFileType = file; path = "AveriaSerifLibre-Italic.ttf"; sourceTree = "<group>"; };
		11DE87462A01CDEF002B9584 /* AveriaSerifLibre-Bold.ttf */ = {isa = PBXFileReference; lastKnownFileType = file; path = "AveriaSerifLibre-Bold.ttf"; sourceTree = "<group>"; };
		11DE87472A01CDEF002B9584 /* AveriaSerifLibre-LightItalic.ttf */ = {isa = PBXFileReference; lastKnownFileType = file; path = "AveriaSerifLibre-LightItalic.ttf"; sourceTree = "<group>"; };
		11DE87482A01CDEF002B9584 /* AveriaSerifLibre-BoldItalic.ttf */ = {isa = PBXFileReference; lastKnownFileType = file; path = "AveriaSerifLibre-BoldItalic.ttf"; sourceTree = "<group>"; };
		11DE875B2A01CDF9002B9584 /* Montserrat-VariableFont_wght.ttf */ = {isa = PBXFileReference; lastKnownFileType = file; path = "Montserrat-VariableFont_wght.ttf"; sourceTree = "<group>"; };
		11DE875C2A01CDF9002B9584 /* Montserrat-Italic-VariableFont_wght.ttf */ = {isa = PBXFileReference; lastKnownFileType = file; path = "Montserrat-Italic-VariableFont_wght.ttf"; sourceTree = "<group>"; };
		11E23695294FC8AA000ED3B1 /* ChatView.swift */ = {isa = PBXFileReference; lastKnownFileType = sourcecode.swift; path = ChatView.swift; sourceTree = "<group>"; };
		11E2369C295022C9000ED3B1 /* ChatModel.swift */ = {isa = PBXFileReference; lastKnownFileType = sourcecode.swift; path = ChatModel.swift; sourceTree = "<group>"; };
		11E2369F29502472000ED3B1 /* FirebaseConstants.swift */ = {isa = PBXFileReference; lastKnownFileType = sourcecode.swift; path = FirebaseConstants.swift; sourceTree = "<group>"; };
		11E236A129502BB8000ED3B1 /* ChatMessageView.swift */ = {isa = PBXFileReference; lastKnownFileType = sourcecode.swift; path = ChatMessageView.swift; sourceTree = "<group>"; };
		11E236A5295036AD000ED3B1 /* PostModel.swift */ = {isa = PBXFileReference; lastKnownFileType = sourcecode.swift; path = PostModel.swift; sourceTree = "<group>"; };
		11E236A72950374F000ED3B1 /* CommentModel.swift */ = {isa = PBXFileReference; lastKnownFileType = sourcecode.swift; path = CommentModel.swift; sourceTree = "<group>"; };
		11F66E9629BE5A4E00C36DEE /* AuthManager.swift */ = {isa = PBXFileReference; lastKnownFileType = sourcecode.swift; path = AuthManager.swift; sourceTree = "<group>"; };
		11F66E9829BE5B1A00C36DEE /* DatabaseManager.swift */ = {isa = PBXFileReference; lastKnownFileType = sourcecode.swift; path = DatabaseManager.swift; sourceTree = "<group>"; };
/* End PBXFileReference section */

/* Begin PBXFrameworksBuildPhase section */
		113D7A1F294D73B30032A457 /* Frameworks */ = {
			isa = PBXFrameworksBuildPhase;
			buildActionMask = 2147483647;
			files = (
				11E236AB29513C0B000ED3B1 /* SwiftUIX in Frameworks */,
				114C8E00294F6A5300028512 /* SDWebImageSwiftUI in Frameworks */,
				113D7A60294D75EF0032A457 /* FirebaseMessaging in Frameworks */,
				113D7A5A294D75EF0032A457 /* FirebaseFirestoreSwift in Frameworks */,
				113D7A62294D75EF0032A457 /* FirebaseStorage in Frameworks */,
				113D7A56294D75EF0032A457 /* FirebaseDatabaseSwift in Frameworks */,
				113D7A5E294D75EF0032A457 /* FirebaseInAppMessagingSwift-Beta in Frameworks */,
				113D7A58294D75EF0032A457 /* FirebaseFirestore in Frameworks */,
				113D7A54294D75EF0032A457 /* FirebaseDatabase in Frameworks */,
				113D7A52294D75EF0032A457 /* FirebaseAuth in Frameworks */,
				113D7A5C294D75EF0032A457 /* FirebaseInAppMessaging-Beta in Frameworks */,
			);
			runOnlyForDeploymentPostprocessing = 0;
		};
		113D7A30294D73B40032A457 /* Frameworks */ = {
			isa = PBXFrameworksBuildPhase;
			buildActionMask = 2147483647;
			files = (
			);
			runOnlyForDeploymentPostprocessing = 0;
		};
		113D7A3A294D73B40032A457 /* Frameworks */ = {
			isa = PBXFrameworksBuildPhase;
			buildActionMask = 2147483647;
			files = (
			);
			runOnlyForDeploymentPostprocessing = 0;
		};
/* End PBXFrameworksBuildPhase section */

/* Begin PBXGroup section */
		113D7A19294D73B30032A457 = {
			isa = PBXGroup;
			children = (
				113D7A24294D73B30032A457 /* The-Stomping-Ground */,
				113D7A36294D73B40032A457 /* The-Stomping-GroundTests */,
				113D7A40294D73B40032A457 /* The-Stomping-GroundUITests */,
				113D7A23294D73B30032A457 /* Products */,
			);
			sourceTree = "<group>";
		};
		113D7A23294D73B30032A457 /* Products */ = {
			isa = PBXGroup;
			children = (
				113D7A22294D73B30032A457 /* The-Stomping-Ground.app */,
				113D7A33294D73B40032A457 /* The-Stomping-GroundTests.xctest */,
				113D7A3D294D73B40032A457 /* The-Stomping-GroundUITests.xctest */,
			);
			name = Products;
			sourceTree = "<group>";
		};
		113D7A24294D73B30032A457 /* The-Stomping-Ground */ = {
			isa = PBXGroup;
			children = (
				11E2369E29502460000ED3B1 /* Utils */,
				118AE37C294E962400331D6C /* User-Authentication */,
				11E2369929502204000ED3B1 /* Model */,
				11DE87382A018ECF002B9584 /* ContentView.swift */,
				114BC133295D56ED007AF5D8 /* HomeView.swift */,
				11624582295FC50E00C28664 /* MakerspaceView.swift */,
				114BC13A295D97E4007AF5D8 /* SearchView.swift */,
				11624580295EAA8B00C28664 /* NotificationsView.swift */,
				11BC97CF2A0865670048DFD1 /* Post */,
				118AE378294E95DC00331D6C /* Truddy-Chats */,
				118AE37B294E95FE00331D6C /* User-Profile */,
				113D7A25294D73B30032A457 /* The_Stomping_GroundApp.swift */,
				113D7A29294D73B40032A457 /* Assets.xcassets */,
				11DE875B2A01CDF9002B9584 /* Montserrat-VariableFont_wght.ttf */,
				11BC977F2A083B800048DFD1 /* Montserrat-Regular.ttf */,
				11DE87432A01CDEF002B9584 /* AveriaSerifLibre-Regular.ttf */,
				11BC97872A083B800048DFD1 /* Montserrat-Black.ttf */,
				11BC977D2A083B800048DFD1 /* Montserrat-BlackItalic.ttf */,
				11BC97842A083B800048DFD1 /* Montserrat-Bold.ttf */,
				11BC97832A083B800048DFD1 /* Montserrat-BoldItalic.ttf */,
				11BC97862A083B800048DFD1 /* Montserrat-ExtraBold.ttf */,
				11BC977A2A083B7F0048DFD1 /* Montserrat-ExtraBoldItalic.ttf */,
				11BC97792A083B7F0048DFD1 /* Montserrat-ExtraLight.ttf */,
				11BC97882A083B800048DFD1 /* Montserrat-ExtraLightItalic.ttf */,
				11BC977B2A083B800048DFD1 /* Montserrat-Italic.ttf */,
				11BC97852A083B800048DFD1 /* Montserrat-Light.ttf */,
				11BC97822A083B800048DFD1 /* Montserrat-LightItalic.ttf */,
				11BC977C2A083B800048DFD1 /* Montserrat-Medium.ttf */,
				11BC977E2A083B800048DFD1 /* Montserrat-MediumItalic.ttf */,
				11BC97782A083B7F0048DFD1 /* Montserrat-SemiBold.ttf */,
				11BC97802A083B800048DFD1 /* Montserrat-SemiBoldItalic.ttf */,
				11BC97812A083B800048DFD1 /* Montserrat-Thin.ttf */,
				11BC97772A083B7F0048DFD1 /* Montserrat-ThinItalic.ttf */,
				11DE875C2A01CDF9002B9584 /* Montserrat-Italic-VariableFont_wght.ttf */,
				11DE87462A01CDEF002B9584 /* AveriaSerifLibre-Bold.ttf */,
				11DE87482A01CDEF002B9584 /* AveriaSerifLibre-BoldItalic.ttf */,
				11DE87452A01CDEF002B9584 /* AveriaSerifLibre-Italic.ttf */,
				11DE87442A01CDEF002B9584 /* AveriaSerifLibre-Light.ttf */,
				11DE87472A01CDEF002B9584 /* AveriaSerifLibre-LightItalic.ttf */,
				11DE87422A01CDC5002B9584 /* fonts */,
				114BC12F295D502A007AF5D8 /* Camp Pictures */,
				11DE0463294D7AEE00954E2E /* GoogleService-Info.plist */,
				113D7A2B294D73B40032A457 /* The_Stomping_Ground.entitlements */,
				113D7A2C294D73B40032A457 /* Preview Content */,
				11BC97752A079A270048DFD1 /* StoryCreatorView.swift */,
				11BC97D02A0873F90048DFD1 /* RegisterACamperView.swift */,
			);
			path = "The-Stomping-Ground";
			sourceTree = "<group>";
		};
		113D7A2C294D73B40032A457 /* Preview Content */ = {
			isa = PBXGroup;
			children = (
				113D7A2D294D73B40032A457 /* Preview Assets.xcassets */,
			);
			path = "Preview Content";
			sourceTree = "<group>";
		};
		113D7A36294D73B40032A457 /* The-Stomping-GroundTests */ = {
			isa = PBXGroup;
			children = (
				113D7A37294D73B40032A457 /* The_Stomping_GroundTests.swift */,
			);
			path = "The-Stomping-GroundTests";
			sourceTree = "<group>";
		};
		113D7A40294D73B40032A457 /* The-Stomping-GroundUITests */ = {
			isa = PBXGroup;
			children = (
				113D7A41294D73B40032A457 /* The_Stomping_GroundUITests.swift */,
				113D7A43294D73B40032A457 /* The_Stomping_GroundUITestsLaunchTests.swift */,
			);
			path = "The-Stomping-GroundUITests";
			sourceTree = "<group>";
		};
		118AE378294E95DC00331D6C /* Truddy-Chats */ = {
			isa = PBXGroup;
			children = (
				119AE46229BBB52300B96679 /* CreateNewChatView.swift */,
				118AE379294E95F800331D6C /* ChatListView.swift */,
				11E23695294FC8AA000ED3B1 /* ChatView.swift */,
				11E236A129502BB8000ED3B1 /* ChatMessageView.swift */,
				115343AC29C66516004E8ABC /* EditChatView.swift */,
				115343AA29C648CD004E8ABC /* AddChatParticipantsView.swift */,
			);
			path = "Truddy-Chats";
			sourceTree = "<group>";
		};
		118AE37B294E95FE00331D6C /* User-Profile */ = {
			isa = PBXGroup;
			children = (
				119AE46029BBA3CF00B96679 /* UserView.swift */,
				11624586295FD84800C28664 /* UserProfileView.swift */,
				118AE376294D9CB800331D6C /* EditProfileView.swift */,
				118AE374294D9C5200331D6C /* SelectProfileImageView.swift */,
			);
			path = "User-Profile";
			sourceTree = "<group>";
		};
		118AE37C294E962400331D6C /* User-Authentication */ = {
			isa = PBXGroup;
			children = (
				113D7A6D294D77DF0032A457 /* RegisterAccountView.swift */,
				113D7A6B294D77DD0032A457 /* LoginView.swift */,
			);
			path = "User-Authentication";
			sourceTree = "<group>";
		};
		11BC97CF2A0865670048DFD1 /* Post */ = {
			isa = PBXGroup;
			children = (
				114BC138295D9108007AF5D8 /* AddPostView.swift */,
				11DE873C2A018F7C002B9584 /* PostView.swift */,
				11DE873A2A018F03002B9584 /* StoryBubbleView.swift */,
				11BC97732A0772360048DFD1 /* ExpandedPostView.swift */,
				11DE873E2A019089002B9584 /* BlogView.swift */,
			);
			path = Post;
			sourceTree = "<group>";
		};
		11DE87422A01CDC5002B9584 /* fonts */ = {
			isa = PBXGroup;
			children = (
			);
			path = fonts;
			sourceTree = "<group>";
		};
		11E2369929502204000ED3B1 /* Model */ = {
			isa = PBXGroup;
			children = (
				11E2369C295022C9000ED3B1 /* ChatModel.swift */,
				118AE372294D9BFD00331D6C /* UserModel.swift */,
				11E236A5295036AD000ED3B1 /* PostModel.swift */,
				11E236A72950374F000ED3B1 /* CommentModel.swift */,
				11624584295FD2FA00C28664 /* StoryModel.swift */,
				11DE87402A01915A002B9584 /* BlogModel.swift */,
			);
			path = Model;
			sourceTree = "<group>";
		};
		11E2369E29502460000ED3B1 /* Utils */ = {
			isa = PBXGroup;
			children = (
				11F66E9529BE5A1700C36DEE /* Firebase-Manager */,
				11BC97712A0723D10048DFD1 /* HStackSnap.swift */,
				118AE36A294D818D00331D6C /* Extensions.swift */,
				11E2369F29502472000ED3B1 /* FirebaseConstants.swift */,
				11ACABA629B93ED200F8AF55 /* Constants.swift */,
			);
			path = Utils;
			sourceTree = "<group>";
		};
		11F66E9529BE5A1700C36DEE /* Firebase-Manager */ = {
			isa = PBXGroup;
			children = (
				118AE36C294D92A900331D6C /* FirebaseManager.swift */,
				11F66E9629BE5A4E00C36DEE /* AuthManager.swift */,
				11F66E9829BE5B1A00C36DEE /* DatabaseManager.swift */,
			);
			path = "Firebase-Manager";
			sourceTree = "<group>";
		};
/* End PBXGroup section */

/* Begin PBXNativeTarget section */
		113D7A21294D73B30032A457 /* The-Stomping-Ground */ = {
			isa = PBXNativeTarget;
			buildConfigurationList = 113D7A47294D73B40032A457 /* Build configuration list for PBXNativeTarget "The-Stomping-Ground" */;
			buildPhases = (
				113D7A1E294D73B30032A457 /* Sources */,
				113D7A1F294D73B30032A457 /* Frameworks */,
				113D7A20294D73B30032A457 /* Resources */,
			);
			buildRules = (
			);
			dependencies = (
			);
			name = "The-Stomping-Ground";
			packageProductDependencies = (
				113D7A51294D75EF0032A457 /* FirebaseAuth */,
				113D7A53294D75EF0032A457 /* FirebaseDatabase */,
				113D7A55294D75EF0032A457 /* FirebaseDatabaseSwift */,
				113D7A57294D75EF0032A457 /* FirebaseFirestore */,
				113D7A59294D75EF0032A457 /* FirebaseFirestoreSwift */,
				113D7A5B294D75EF0032A457 /* FirebaseInAppMessaging-Beta */,
				113D7A5D294D75EF0032A457 /* FirebaseInAppMessagingSwift-Beta */,
				113D7A5F294D75EF0032A457 /* FirebaseMessaging */,
				113D7A61294D75EF0032A457 /* FirebaseStorage */,
				114C8DFF294F6A5300028512 /* SDWebImageSwiftUI */,
				11E236AA29513C0B000ED3B1 /* SwiftUIX */,
			);
			productName = "The-Stomping-Ground";
			productReference = 113D7A22294D73B30032A457 /* The-Stomping-Ground.app */;
			productType = "com.apple.product-type.application";
		};
		113D7A32294D73B40032A457 /* The-Stomping-GroundTests */ = {
			isa = PBXNativeTarget;
			buildConfigurationList = 113D7A4A294D73B40032A457 /* Build configuration list for PBXNativeTarget "The-Stomping-GroundTests" */;
			buildPhases = (
				113D7A2F294D73B40032A457 /* Sources */,
				113D7A30294D73B40032A457 /* Frameworks */,
				113D7A31294D73B40032A457 /* Resources */,
			);
			buildRules = (
			);
			dependencies = (
				113D7A35294D73B40032A457 /* PBXTargetDependency */,
			);
			name = "The-Stomping-GroundTests";
			productName = "The-Stomping-GroundTests";
			productReference = 113D7A33294D73B40032A457 /* The-Stomping-GroundTests.xctest */;
			productType = "com.apple.product-type.bundle.unit-test";
		};
		113D7A3C294D73B40032A457 /* The-Stomping-GroundUITests */ = {
			isa = PBXNativeTarget;
			buildConfigurationList = 113D7A4D294D73B40032A457 /* Build configuration list for PBXNativeTarget "The-Stomping-GroundUITests" */;
			buildPhases = (
				113D7A39294D73B40032A457 /* Sources */,
				113D7A3A294D73B40032A457 /* Frameworks */,
				113D7A3B294D73B40032A457 /* Resources */,
			);
			buildRules = (
			);
			dependencies = (
				113D7A3F294D73B40032A457 /* PBXTargetDependency */,
			);
			name = "The-Stomping-GroundUITests";
			productName = "The-Stomping-GroundUITests";
			productReference = 113D7A3D294D73B40032A457 /* The-Stomping-GroundUITests.xctest */;
			productType = "com.apple.product-type.bundle.ui-testing";
		};
/* End PBXNativeTarget section */

/* Begin PBXProject section */
		113D7A1A294D73B30032A457 /* Project object */ = {
			isa = PBXProject;
			attributes = {
				BuildIndependentTargetsInParallel = 1;
				LastSwiftUpdateCheck = 1420;
				LastUpgradeCheck = 1420;
				TargetAttributes = {
					113D7A21294D73B30032A457 = {
						CreatedOnToolsVersion = 14.2;
					};
					113D7A32294D73B40032A457 = {
						CreatedOnToolsVersion = 14.2;
						TestTargetID = 113D7A21294D73B30032A457;
					};
					113D7A3C294D73B40032A457 = {
						CreatedOnToolsVersion = 14.2;
						TestTargetID = 113D7A21294D73B30032A457;
					};
				};
			};
			buildConfigurationList = 113D7A1D294D73B30032A457 /* Build configuration list for PBXProject "The-Stomping-Ground" */;
			compatibilityVersion = "Xcode 14.0";
			developmentRegion = en;
			hasScannedForEncodings = 0;
			knownRegions = (
				en,
				Base,
			);
			mainGroup = 113D7A19294D73B30032A457;
			packageReferences = (
				113D7A50294D75EF0032A457 /* XCRemoteSwiftPackageReference "firebase-ios-sdk" */,
				114C8DFE294F6A5300028512 /* XCRemoteSwiftPackageReference "SDWebImageSwiftUI" */,
				11E236A929513C0B000ED3B1 /* XCRemoteSwiftPackageReference "SwiftUIX" */,
			);
			productRefGroup = 113D7A23294D73B30032A457 /* Products */;
			projectDirPath = "";
			projectRoot = "";
			targets = (
				113D7A21294D73B30032A457 /* The-Stomping-Ground */,
				113D7A32294D73B40032A457 /* The-Stomping-GroundTests */,
				113D7A3C294D73B40032A457 /* The-Stomping-GroundUITests */,
			);
		};
/* End PBXProject section */

/* Begin PBXResourcesBuildPhase section */
		113D7A20294D73B30032A457 /* Resources */ = {
			isa = PBXResourcesBuildPhase;
			buildActionMask = 2147483647;
			files = (
				113D7A2E294D73B40032A457 /* Preview Assets.xcassets in Resources */,
				11BC97922A083B800048DFD1 /* Montserrat-ExtraBoldItalic.ttf in Resources */,
				114BC130295D502A007AF5D8 /* Camp Pictures in Resources */,
				11DE87522A01CDEF002B9584 /* AveriaSerifLibre-Bold.ttf in Resources */,
				11BC97B02A083B800048DFD1 /* Montserrat-Bold.ttf in Resources */,
				11BC97B62A083B800048DFD1 /* Montserrat-ExtraBold.ttf in Resources */,
				113D7A2A294D73B40032A457 /* Assets.xcassets in Resources */,
				11BC97952A083B800048DFD1 /* Montserrat-Italic.ttf in Resources */,
				11BC978F2A083B800048DFD1 /* Montserrat-ExtraLight.ttf in Resources */,
				11DE87602A01CDF9002B9584 /* Montserrat-Italic-VariableFont_wght.ttf in Resources */,
				11BC97AD2A083B800048DFD1 /* Montserrat-BoldItalic.ttf in Resources */,
				11BC97AA2A083B800048DFD1 /* Montserrat-LightItalic.ttf in Resources */,
				11BC97B92A083B800048DFD1 /* Montserrat-Black.ttf in Resources */,
				11DE87492A01CDEF002B9584 /* AveriaSerifLibre-Regular.ttf in Resources */,
				11BC97A12A083B800048DFD1 /* Montserrat-Regular.ttf in Resources */,
				11DE875D2A01CDF9002B9584 /* Montserrat-VariableFont_wght.ttf in Resources */,
				11BC979E2A083B800048DFD1 /* Montserrat-MediumItalic.ttf in Resources */,
				11BC97BC2A083B800048DFD1 /* Montserrat-ExtraLightItalic.ttf in Resources */,
				11BC97A42A083B800048DFD1 /* Montserrat-SemiBoldItalic.ttf in Resources */,
				11DE874F2A01CDEF002B9584 /* AveriaSerifLibre-Italic.ttf in Resources */,
				11DE874C2A01CDEF002B9584 /* AveriaSerifLibre-Light.ttf in Resources */,
				11DE0464294D7AEE00954E2E /* GoogleService-Info.plist in Resources */,
				11BC97A72A083B800048DFD1 /* Montserrat-Thin.ttf in Resources */,
				11BC978C2A083B800048DFD1 /* Montserrat-SemiBold.ttf in Resources */,
				11BC97B32A083B800048DFD1 /* Montserrat-Light.ttf in Resources */,
				11BC97892A083B800048DFD1 /* Montserrat-ThinItalic.ttf in Resources */,
				11DE87582A01CDEF002B9584 /* AveriaSerifLibre-BoldItalic.ttf in Resources */,
				11BC97982A083B800048DFD1 /* Montserrat-Medium.ttf in Resources */,
				11DE87552A01CDEF002B9584 /* AveriaSerifLibre-LightItalic.ttf in Resources */,
				11BC979B2A083B800048DFD1 /* Montserrat-BlackItalic.ttf in Resources */,
			);
			runOnlyForDeploymentPostprocessing = 0;
		};
		113D7A31294D73B40032A457 /* Resources */ = {
			isa = PBXResourcesBuildPhase;
			buildActionMask = 2147483647;
			files = (
				11BC97A52A083B800048DFD1 /* Montserrat-SemiBoldItalic.ttf in Resources */,
				11DE87612A01CDF9002B9584 /* Montserrat-Italic-VariableFont_wght.ttf in Resources */,
				11DE87592A01CDEF002B9584 /* AveriaSerifLibre-BoldItalic.ttf in Resources */,
				11BC97A22A083B800048DFD1 /* Montserrat-Regular.ttf in Resources */,
				11DE874D2A01CDEF002B9584 /* AveriaSerifLibre-Light.ttf in Resources */,
				11BC97A82A083B800048DFD1 /* Montserrat-Thin.ttf in Resources */,
				11BC979C2A083B800048DFD1 /* Montserrat-BlackItalic.ttf in Resources */,
				11DE875E2A01CDF9002B9584 /* Montserrat-VariableFont_wght.ttf in Resources */,
				11BC97AB2A083B800048DFD1 /* Montserrat-LightItalic.ttf in Resources */,
				11BC978D2A083B800048DFD1 /* Montserrat-SemiBold.ttf in Resources */,
				11BC97B42A083B800048DFD1 /* Montserrat-Light.ttf in Resources */,
				11BC97BA2A083B800048DFD1 /* Montserrat-Black.ttf in Resources */,
				11DE87502A01CDEF002B9584 /* AveriaSerifLibre-Italic.ttf in Resources */,
				11BC97C92A0841A80048DFD1 /* GoogleService-Info.plist in Resources */,
				11BC97902A083B800048DFD1 /* Montserrat-ExtraLight.ttf in Resources */,
				11BC97B72A083B800048DFD1 /* Montserrat-ExtraBold.ttf in Resources */,
				11BC97BD2A083B800048DFD1 /* Montserrat-ExtraLightItalic.ttf in Resources */,
				11BC978A2A083B800048DFD1 /* Montserrat-ThinItalic.ttf in Resources */,
				11DE87532A01CDEF002B9584 /* AveriaSerifLibre-Bold.ttf in Resources */,
				11BC979F2A083B800048DFD1 /* Montserrat-MediumItalic.ttf in Resources */,
				11BC97AE2A083B800048DFD1 /* Montserrat-BoldItalic.ttf in Resources */,
				11BC97932A083B800048DFD1 /* Montserrat-ExtraBoldItalic.ttf in Resources */,
				11BC97992A083B800048DFD1 /* Montserrat-Medium.ttf in Resources */,
				11DE87562A01CDEF002B9584 /* AveriaSerifLibre-LightItalic.ttf in Resources */,
				11BC97962A083B800048DFD1 /* Montserrat-Italic.ttf in Resources */,
				11BC97B12A083B800048DFD1 /* Montserrat-Bold.ttf in Resources */,
				11DE874A2A01CDEF002B9584 /* AveriaSerifLibre-Regular.ttf in Resources */,
			);
			runOnlyForDeploymentPostprocessing = 0;
		};
		113D7A3B294D73B40032A457 /* Resources */ = {
			isa = PBXResourcesBuildPhase;
			buildActionMask = 2147483647;
			files = (
				11BC97A62A083B800048DFD1 /* Montserrat-SemiBoldItalic.ttf in Resources */,
				11DE87622A01CDF9002B9584 /* Montserrat-Italic-VariableFont_wght.ttf in Resources */,
				11DE875A2A01CDEF002B9584 /* AveriaSerifLibre-BoldItalic.ttf in Resources */,
				11BC97A32A083B800048DFD1 /* Montserrat-Regular.ttf in Resources */,
				11DE874E2A01CDEF002B9584 /* AveriaSerifLibre-Light.ttf in Resources */,
				11BC97A92A083B800048DFD1 /* Montserrat-Thin.ttf in Resources */,
				11BC979D2A083B800048DFD1 /* Montserrat-BlackItalic.ttf in Resources */,
				11DE875F2A01CDF9002B9584 /* Montserrat-VariableFont_wght.ttf in Resources */,
				11BC97AC2A083B800048DFD1 /* Montserrat-LightItalic.ttf in Resources */,
				11BC978E2A083B800048DFD1 /* Montserrat-SemiBold.ttf in Resources */,
				11BC97B52A083B800048DFD1 /* Montserrat-Light.ttf in Resources */,
				11BC97BB2A083B800048DFD1 /* Montserrat-Black.ttf in Resources */,
				11DE87512A01CDEF002B9584 /* AveriaSerifLibre-Italic.ttf in Resources */,
				11BC97CA2A0841A80048DFD1 /* GoogleService-Info.plist in Resources */,
				11BC97912A083B800048DFD1 /* Montserrat-ExtraLight.ttf in Resources */,
				11BC97B82A083B800048DFD1 /* Montserrat-ExtraBold.ttf in Resources */,
				11BC97BE2A083B800048DFD1 /* Montserrat-ExtraLightItalic.ttf in Resources */,
				11BC978B2A083B800048DFD1 /* Montserrat-ThinItalic.ttf in Resources */,
				11DE87542A01CDEF002B9584 /* AveriaSerifLibre-Bold.ttf in Resources */,
				11BC97A02A083B800048DFD1 /* Montserrat-MediumItalic.ttf in Resources */,
				11BC97AF2A083B800048DFD1 /* Montserrat-BoldItalic.ttf in Resources */,
				11BC97942A083B800048DFD1 /* Montserrat-ExtraBoldItalic.ttf in Resources */,
				11BC979A2A083B800048DFD1 /* Montserrat-Medium.ttf in Resources */,
				11DE87572A01CDEF002B9584 /* AveriaSerifLibre-LightItalic.ttf in Resources */,
				11BC97972A083B800048DFD1 /* Montserrat-Italic.ttf in Resources */,
				11BC97B22A083B800048DFD1 /* Montserrat-Bold.ttf in Resources */,
				11DE874B2A01CDEF002B9584 /* AveriaSerifLibre-Regular.ttf in Resources */,
			);
			runOnlyForDeploymentPostprocessing = 0;
		};
/* End PBXResourcesBuildPhase section */

/* Begin PBXSourcesBuildPhase section */
		113D7A1E294D73B30032A457 /* Sources */ = {
			isa = PBXSourcesBuildPhase;
			buildActionMask = 2147483647;
			files = (
				11DE873F2A019089002B9584 /* BlogView.swift in Sources */,
				11E23696294FC8AA000ED3B1 /* ChatView.swift in Sources */,
				11E2369D295022C9000ED3B1 /* ChatModel.swift in Sources */,
				11624585295FD2FA00C28664 /* StoryModel.swift in Sources */,
				11E236A029502472000ED3B1 /* FirebaseConstants.swift in Sources */,
				11BC97762A079A270048DFD1 /* StoryCreatorView.swift in Sources */,
				11ACABA729B93ED200F8AF55 /* Constants.swift in Sources */,
				11DE873B2A018F03002B9584 /* StoryBubbleView.swift in Sources */,
				11624583295FC50E00C28664 /* MakerspaceView.swift in Sources */,
				11DE87412A01915A002B9584 /* BlogModel.swift in Sources */,
				119AE46329BBB52300B96679 /* CreateNewChatView.swift in Sources */,
				114BC13B295D97E4007AF5D8 /* SearchView.swift in Sources */,
				11DE873D2A018F7C002B9584 /* PostView.swift in Sources */,
				11624587295FD84800C28664 /* UserProfileView.swift in Sources */,
				11F66E9729BE5A4E00C36DEE /* AuthManager.swift in Sources */,
				11DE87392A018ECF002B9584 /* ContentView.swift in Sources */,
				118AE36D294D92A900331D6C /* FirebaseManager.swift in Sources */,
				118AE375294D9C5200331D6C /* SelectProfileImageView.swift in Sources */,
				118AE373294D9BFD00331D6C /* UserModel.swift in Sources */,
				115343AD29C66516004E8ABC /* EditChatView.swift in Sources */,
				118AE36B294D818D00331D6C /* Extensions.swift in Sources */,
				11BC97D12A0873F90048DFD1 /* RegisterACamperView.swift in Sources */,
				118AE37A294E95F800331D6C /* ChatListView.swift in Sources */,
				11BC97742A0772360048DFD1 /* ExpandedPostView.swift in Sources */,
				11E236A229502BB8000ED3B1 /* ChatMessageView.swift in Sources */,
				113D7A6C294D77DD0032A457 /* LoginView.swift in Sources */,
				11624581295EAA8B00C28664 /* NotificationsView.swift in Sources */,
				11E236A6295036AD000ED3B1 /* PostModel.swift in Sources */,
				11F66E9929BE5B1A00C36DEE /* DatabaseManager.swift in Sources */,
				114BC134295D56ED007AF5D8 /* HomeView.swift in Sources */,
				113D7A6E294D77DF0032A457 /* RegisterAccountView.swift in Sources */,
				114BC139295D9108007AF5D8 /* AddPostView.swift in Sources */,
				11E236A82950374F000ED3B1 /* CommentModel.swift in Sources */,
				11BC97722A0723D10048DFD1 /* HStackSnap.swift in Sources */,
				118AE377294D9CB800331D6C /* EditProfileView.swift in Sources */,
				119AE46129BBA3CF00B96679 /* UserView.swift in Sources */,
				115343AB29C648CE004E8ABC /* AddChatParticipantsView.swift in Sources */,
				113D7A26294D73B30032A457 /* The_Stomping_GroundApp.swift in Sources */,
			);
			runOnlyForDeploymentPostprocessing = 0;
		};
		113D7A2F294D73B40032A457 /* Sources */ = {
			isa = PBXSourcesBuildPhase;
			buildActionMask = 2147483647;
			files = (
				113D7A38294D73B40032A457 /* The_Stomping_GroundTests.swift in Sources */,
				11BC97D22A0873F90048DFD1 /* RegisterACamperView.swift in Sources */,
			);
			runOnlyForDeploymentPostprocessing = 0;
		};
		113D7A39294D73B40032A457 /* Sources */ = {
			isa = PBXSourcesBuildPhase;
			buildActionMask = 2147483647;
			files = (
				113D7A44294D73B40032A457 /* The_Stomping_GroundUITestsLaunchTests.swift in Sources */,
				113D7A42294D73B40032A457 /* The_Stomping_GroundUITests.swift in Sources */,
				11BC97D32A0873F90048DFD1 /* RegisterACamperView.swift in Sources */,
			);
			runOnlyForDeploymentPostprocessing = 0;
		};
/* End PBXSourcesBuildPhase section */

/* Begin PBXTargetDependency section */
		113D7A35294D73B40032A457 /* PBXTargetDependency */ = {
			isa = PBXTargetDependency;
			target = 113D7A21294D73B30032A457 /* The-Stomping-Ground */;
			targetProxy = 113D7A34294D73B40032A457 /* PBXContainerItemProxy */;
		};
		113D7A3F294D73B40032A457 /* PBXTargetDependency */ = {
			isa = PBXTargetDependency;
			target = 113D7A21294D73B30032A457 /* The-Stomping-Ground */;
			targetProxy = 113D7A3E294D73B40032A457 /* PBXContainerItemProxy */;
		};
/* End PBXTargetDependency section */

/* Begin XCBuildConfiguration section */
		113D7A45294D73B40032A457 /* Debug */ = {
			isa = XCBuildConfiguration;
			buildSettings = {
				ALWAYS_SEARCH_USER_PATHS = NO;
				CLANG_ANALYZER_NONNULL = YES;
				CLANG_ANALYZER_NUMBER_OBJECT_CONVERSION = YES_AGGRESSIVE;
				CLANG_CXX_LANGUAGE_STANDARD = "gnu++20";
				CLANG_ENABLE_MODULES = YES;
				CLANG_ENABLE_OBJC_ARC = YES;
				CLANG_ENABLE_OBJC_WEAK = YES;
				CLANG_WARN_BLOCK_CAPTURE_AUTORELEASING = YES;
				CLANG_WARN_BOOL_CONVERSION = YES;
				CLANG_WARN_COMMA = YES;
				CLANG_WARN_CONSTANT_CONVERSION = YES;
				CLANG_WARN_DEPRECATED_OBJC_IMPLEMENTATIONS = YES;
				CLANG_WARN_DIRECT_OBJC_ISA_USAGE = YES_ERROR;
				CLANG_WARN_DOCUMENTATION_COMMENTS = YES;
				CLANG_WARN_EMPTY_BODY = YES;
				CLANG_WARN_ENUM_CONVERSION = YES;
				CLANG_WARN_INFINITE_RECURSION = YES;
				CLANG_WARN_INT_CONVERSION = YES;
				CLANG_WARN_NON_LITERAL_NULL_CONVERSION = YES;
				CLANG_WARN_OBJC_IMPLICIT_RETAIN_SELF = YES;
				CLANG_WARN_OBJC_LITERAL_CONVERSION = YES;
				CLANG_WARN_OBJC_ROOT_CLASS = YES_ERROR;
				CLANG_WARN_QUOTED_INCLUDE_IN_FRAMEWORK_HEADER = YES;
				CLANG_WARN_RANGE_LOOP_ANALYSIS = YES;
				CLANG_WARN_STRICT_PROTOTYPES = YES;
				CLANG_WARN_SUSPICIOUS_MOVE = YES;
				CLANG_WARN_UNGUARDED_AVAILABILITY = YES_AGGRESSIVE;
				CLANG_WARN_UNREACHABLE_CODE = YES;
				CLANG_WARN__DUPLICATE_METHOD_MATCH = YES;
				COPY_PHASE_STRIP = NO;
				DEBUG_INFORMATION_FORMAT = dwarf;
				ENABLE_STRICT_OBJC_MSGSEND = YES;
				ENABLE_TESTABILITY = YES;
				GCC_C_LANGUAGE_STANDARD = gnu11;
				GCC_DYNAMIC_NO_PIC = NO;
				GCC_NO_COMMON_BLOCKS = YES;
				GCC_OPTIMIZATION_LEVEL = 0;
				GCC_PREPROCESSOR_DEFINITIONS = (
					"DEBUG=1",
					"$(inherited)",
				);
				GCC_WARN_64_TO_32_BIT_CONVERSION = YES;
				GCC_WARN_ABOUT_RETURN_TYPE = YES_ERROR;
				GCC_WARN_UNDECLARED_SELECTOR = YES;
				GCC_WARN_UNINITIALIZED_AUTOS = YES_AGGRESSIVE;
				GCC_WARN_UNUSED_FUNCTION = YES;
				GCC_WARN_UNUSED_VARIABLE = YES;
				IPHONEOS_DEPLOYMENT_TARGET = 15.6;
				MACOSX_DEPLOYMENT_TARGET = 13.0;
				MTL_ENABLE_DEBUG_INFO = INCLUDE_SOURCE;
				MTL_FAST_MATH = YES;
				ONLY_ACTIVE_ARCH = YES;
				SWIFT_ACTIVE_COMPILATION_CONDITIONS = DEBUG;
				SWIFT_OPTIMIZATION_LEVEL = "-Onone";
			};
			name = Debug;
		};
		113D7A46294D73B40032A457 /* Release */ = {
			isa = XCBuildConfiguration;
			buildSettings = {
				ALWAYS_SEARCH_USER_PATHS = NO;
				CLANG_ANALYZER_NONNULL = YES;
				CLANG_ANALYZER_NUMBER_OBJECT_CONVERSION = YES_AGGRESSIVE;
				CLANG_CXX_LANGUAGE_STANDARD = "gnu++20";
				CLANG_ENABLE_MODULES = YES;
				CLANG_ENABLE_OBJC_ARC = YES;
				CLANG_ENABLE_OBJC_WEAK = YES;
				CLANG_WARN_BLOCK_CAPTURE_AUTORELEASING = YES;
				CLANG_WARN_BOOL_CONVERSION = YES;
				CLANG_WARN_COMMA = YES;
				CLANG_WARN_CONSTANT_CONVERSION = YES;
				CLANG_WARN_DEPRECATED_OBJC_IMPLEMENTATIONS = YES;
				CLANG_WARN_DIRECT_OBJC_ISA_USAGE = YES_ERROR;
				CLANG_WARN_DOCUMENTATION_COMMENTS = YES;
				CLANG_WARN_EMPTY_BODY = YES;
				CLANG_WARN_ENUM_CONVERSION = YES;
				CLANG_WARN_INFINITE_RECURSION = YES;
				CLANG_WARN_INT_CONVERSION = YES;
				CLANG_WARN_NON_LITERAL_NULL_CONVERSION = YES;
				CLANG_WARN_OBJC_IMPLICIT_RETAIN_SELF = YES;
				CLANG_WARN_OBJC_LITERAL_CONVERSION = YES;
				CLANG_WARN_OBJC_ROOT_CLASS = YES_ERROR;
				CLANG_WARN_QUOTED_INCLUDE_IN_FRAMEWORK_HEADER = YES;
				CLANG_WARN_RANGE_LOOP_ANALYSIS = YES;
				CLANG_WARN_STRICT_PROTOTYPES = YES;
				CLANG_WARN_SUSPICIOUS_MOVE = YES;
				CLANG_WARN_UNGUARDED_AVAILABILITY = YES_AGGRESSIVE;
				CLANG_WARN_UNREACHABLE_CODE = YES;
				CLANG_WARN__DUPLICATE_METHOD_MATCH = YES;
				COPY_PHASE_STRIP = NO;
				DEBUG_INFORMATION_FORMAT = "dwarf-with-dsym";
				ENABLE_NS_ASSERTIONS = NO;
				ENABLE_STRICT_OBJC_MSGSEND = YES;
				GCC_C_LANGUAGE_STANDARD = gnu11;
				GCC_NO_COMMON_BLOCKS = YES;
				GCC_WARN_64_TO_32_BIT_CONVERSION = YES;
				GCC_WARN_ABOUT_RETURN_TYPE = YES_ERROR;
				GCC_WARN_UNDECLARED_SELECTOR = YES;
				GCC_WARN_UNINITIALIZED_AUTOS = YES_AGGRESSIVE;
				GCC_WARN_UNUSED_FUNCTION = YES;
				GCC_WARN_UNUSED_VARIABLE = YES;
				IPHONEOS_DEPLOYMENT_TARGET = 15.6;
				MACOSX_DEPLOYMENT_TARGET = 13.0;
				MTL_ENABLE_DEBUG_INFO = NO;
				MTL_FAST_MATH = YES;
				SWIFT_COMPILATION_MODE = wholemodule;
				SWIFT_OPTIMIZATION_LEVEL = "-O";
			};
			name = Release;
		};
		113D7A48294D73B40032A457 /* Debug */ = {
			isa = XCBuildConfiguration;
			buildSettings = {
				ASSETCATALOG_COMPILER_APPICON_NAME = AppIcon;
				ASSETCATALOG_COMPILER_GLOBAL_ACCENT_COLOR_NAME = AccentColor;
				CODE_SIGN_ENTITLEMENTS = "The-Stomping-Ground/The_Stomping_Ground.entitlements";
				CODE_SIGN_STYLE = Automatic;
				CURRENT_PROJECT_VERSION = 1;
				DEVELOPMENT_ASSET_PATHS = "\"The-Stomping-Ground/Preview Content\"";
				DEVELOPMENT_TEAM = H3Z7K9ZZE8;
				ENABLE_HARDENED_RUNTIME = YES;
				"ENABLE_HARDENED_RUNTIME[sdk=macosx*]" = YES;
				ENABLE_PREVIEWS = YES;
				GENERATE_INFOPLIST_FILE = YES;
				INFOPLIST_FILE = "The-Stomping-Ground/Info.plist";
				"INFOPLIST_KEY_UIApplicationSceneManifest_Generation[sdk=iphoneos*]" = YES;
				"INFOPLIST_KEY_UIApplicationSceneManifest_Generation[sdk=iphonesimulator*]" = YES;
				"INFOPLIST_KEY_UIApplicationSupportsIndirectInputEvents[sdk=iphoneos*]" = YES;
				"INFOPLIST_KEY_UIApplicationSupportsIndirectInputEvents[sdk=iphonesimulator*]" = YES;
				"INFOPLIST_KEY_UILaunchScreen_Generation[sdk=iphoneos*]" = YES;
				"INFOPLIST_KEY_UILaunchScreen_Generation[sdk=iphonesimulator*]" = YES;
				"INFOPLIST_KEY_UIStatusBarStyle[sdk=iphoneos*]" = UIStatusBarStyleDefault;
				"INFOPLIST_KEY_UIStatusBarStyle[sdk=iphonesimulator*]" = UIStatusBarStyleDefault;
				INFOPLIST_KEY_UISupportedInterfaceOrientations_iPad = "UIInterfaceOrientationPortrait UIInterfaceOrientationPortraitUpsideDown UIInterfaceOrientationLandscapeLeft UIInterfaceOrientationLandscapeRight";
				INFOPLIST_KEY_UISupportedInterfaceOrientations_iPhone = "UIInterfaceOrientationPortrait UIInterfaceOrientationLandscapeLeft UIInterfaceOrientationLandscapeRight";
				IPHONEOS_DEPLOYMENT_TARGET = 16.2;
				LD_RUNPATH_SEARCH_PATHS = "@executable_path/Frameworks";
				"LD_RUNPATH_SEARCH_PATHS[sdk=macosx*]" = "@executable_path/../Frameworks";
				MACOSX_DEPLOYMENT_TARGET = 13.0;
				MARKETING_VERSION = 1.0;
				PRODUCT_BUNDLE_IDENTIFIER = "Camp-Stomping-Ground.The-Stomping-Ground";
				PRODUCT_NAME = "$(TARGET_NAME)";
				SDKROOT = auto;
				SUPPORTED_PLATFORMS = "iphoneos iphonesimulator";
				SUPPORTS_MACCATALYST = NO;
				SUPPORTS_MAC_DESIGNED_FOR_IPHONE_IPAD = NO;
				SWIFT_EMIT_LOC_STRINGS = YES;
				SWIFT_VERSION = 5.0;
				TARGETED_DEVICE_FAMILY = 1;
			};
			name = Debug;
		};
		113D7A49294D73B40032A457 /* Release */ = {
			isa = XCBuildConfiguration;
			buildSettings = {
				ASSETCATALOG_COMPILER_APPICON_NAME = AppIcon;
				ASSETCATALOG_COMPILER_GLOBAL_ACCENT_COLOR_NAME = AccentColor;
				CODE_SIGN_ENTITLEMENTS = "The-Stomping-Ground/The_Stomping_Ground.entitlements";
				CODE_SIGN_STYLE = Automatic;
				CURRENT_PROJECT_VERSION = 1;
				DEVELOPMENT_ASSET_PATHS = "\"The-Stomping-Ground/Preview Content\"";
				DEVELOPMENT_TEAM = H3Z7K9ZZE8;
				ENABLE_HARDENED_RUNTIME = YES;
				"ENABLE_HARDENED_RUNTIME[sdk=macosx*]" = YES;
				ENABLE_PREVIEWS = YES;
				GENERATE_INFOPLIST_FILE = YES;
				INFOPLIST_FILE = "The-Stomping-Ground/Info.plist";
				"INFOPLIST_KEY_UIApplicationSceneManifest_Generation[sdk=iphoneos*]" = YES;
				"INFOPLIST_KEY_UIApplicationSceneManifest_Generation[sdk=iphonesimulator*]" = YES;
				"INFOPLIST_KEY_UIApplicationSupportsIndirectInputEvents[sdk=iphoneos*]" = YES;
				"INFOPLIST_KEY_UIApplicationSupportsIndirectInputEvents[sdk=iphonesimulator*]" = YES;
				"INFOPLIST_KEY_UILaunchScreen_Generation[sdk=iphoneos*]" = YES;
				"INFOPLIST_KEY_UILaunchScreen_Generation[sdk=iphonesimulator*]" = YES;
				"INFOPLIST_KEY_UIStatusBarStyle[sdk=iphoneos*]" = UIStatusBarStyleDefault;
				"INFOPLIST_KEY_UIStatusBarStyle[sdk=iphonesimulator*]" = UIStatusBarStyleDefault;
				INFOPLIST_KEY_UISupportedInterfaceOrientations_iPad = "UIInterfaceOrientationPortrait UIInterfaceOrientationPortraitUpsideDown UIInterfaceOrientationLandscapeLeft UIInterfaceOrientationLandscapeRight";
				INFOPLIST_KEY_UISupportedInterfaceOrientations_iPhone = "UIInterfaceOrientationPortrait UIInterfaceOrientationLandscapeLeft UIInterfaceOrientationLandscapeRight";
				IPHONEOS_DEPLOYMENT_TARGET = 16.2;
				LD_RUNPATH_SEARCH_PATHS = "@executable_path/Frameworks";
				"LD_RUNPATH_SEARCH_PATHS[sdk=macosx*]" = "@executable_path/../Frameworks";
				MACOSX_DEPLOYMENT_TARGET = 13.0;
				MARKETING_VERSION = 1.0;
				PRODUCT_BUNDLE_IDENTIFIER = "Camp-Stomping-Ground.The-Stomping-Ground";
				PRODUCT_NAME = "$(TARGET_NAME)";
				SDKROOT = auto;
				SUPPORTED_PLATFORMS = "iphoneos iphonesimulator";
				SUPPORTS_MACCATALYST = NO;
				SUPPORTS_MAC_DESIGNED_FOR_IPHONE_IPAD = NO;
				SWIFT_EMIT_LOC_STRINGS = YES;
				SWIFT_VERSION = 5.0;
				TARGETED_DEVICE_FAMILY = 1;
			};
			name = Release;
		};
		113D7A4B294D73B40032A457 /* Debug */ = {
			isa = XCBuildConfiguration;
			buildSettings = {
				ALWAYS_EMBED_SWIFT_STANDARD_LIBRARIES = YES;
				BUNDLE_LOADER = "$(TEST_HOST)";
				CODE_SIGN_STYLE = Automatic;
				CURRENT_PROJECT_VERSION = 1;
				DEVELOPMENT_TEAM = H3Z7K9ZZE8;
				GENERATE_INFOPLIST_FILE = YES;
				IPHONEOS_DEPLOYMENT_TARGET = 16.2;
				MACOSX_DEPLOYMENT_TARGET = 13.0;
				MARKETING_VERSION = 1.0;
				PRODUCT_BUNDLE_IDENTIFIER = "Camp-Stomping-Ground.The-Stomping-GroundTests";
				PRODUCT_NAME = "$(TARGET_NAME)";
				SDKROOT = auto;
				SUPPORTED_PLATFORMS = "iphoneos iphonesimulator macosx";
				SUPPORTS_MACCATALYST = NO;
				SUPPORTS_MAC_DESIGNED_FOR_IPHONE_IPAD = NO;
				SWIFT_EMIT_LOC_STRINGS = NO;
				SWIFT_VERSION = 5.0;
				TARGETED_DEVICE_FAMILY = 1;
				TEST_HOST = "$(BUILT_PRODUCTS_DIR)/The-Stomping-Ground.app/$(BUNDLE_EXECUTABLE_FOLDER_PATH)/The-Stomping-Ground";
			};
			name = Debug;
		};
		113D7A4C294D73B40032A457 /* Release */ = {
			isa = XCBuildConfiguration;
			buildSettings = {
				ALWAYS_EMBED_SWIFT_STANDARD_LIBRARIES = YES;
				BUNDLE_LOADER = "$(TEST_HOST)";
				CODE_SIGN_STYLE = Automatic;
				CURRENT_PROJECT_VERSION = 1;
				DEVELOPMENT_TEAM = H3Z7K9ZZE8;
				GENERATE_INFOPLIST_FILE = YES;
				IPHONEOS_DEPLOYMENT_TARGET = 16.2;
				MACOSX_DEPLOYMENT_TARGET = 13.0;
				MARKETING_VERSION = 1.0;
				PRODUCT_BUNDLE_IDENTIFIER = "Camp-Stomping-Ground.The-Stomping-GroundTests";
				PRODUCT_NAME = "$(TARGET_NAME)";
				SDKROOT = auto;
				SUPPORTED_PLATFORMS = "iphoneos iphonesimulator macosx";
				SUPPORTS_MACCATALYST = NO;
				SUPPORTS_MAC_DESIGNED_FOR_IPHONE_IPAD = NO;
				SWIFT_EMIT_LOC_STRINGS = NO;
				SWIFT_VERSION = 5.0;
				TARGETED_DEVICE_FAMILY = 1;
				TEST_HOST = "$(BUILT_PRODUCTS_DIR)/The-Stomping-Ground.app/$(BUNDLE_EXECUTABLE_FOLDER_PATH)/The-Stomping-Ground";
			};
			name = Release;
		};
		113D7A4E294D73B40032A457 /* Debug */ = {
			isa = XCBuildConfiguration;
			buildSettings = {
				ALWAYS_EMBED_SWIFT_STANDARD_LIBRARIES = YES;
				CODE_SIGN_STYLE = Automatic;
				CURRENT_PROJECT_VERSION = 1;
				DEVELOPMENT_TEAM = H3Z7K9ZZE8;
				GENERATE_INFOPLIST_FILE = YES;
				IPHONEOS_DEPLOYMENT_TARGET = 16.2;
				MACOSX_DEPLOYMENT_TARGET = 13.0;
				MARKETING_VERSION = 1.0;
				PRODUCT_BUNDLE_IDENTIFIER = "Camp-Stomping-Ground.The-Stomping-GroundUITests";
				PRODUCT_NAME = "$(TARGET_NAME)";
				SDKROOT = auto;
				SUPPORTED_PLATFORMS = "iphoneos iphonesimulator macosx";
				SUPPORTS_MACCATALYST = NO;
				SUPPORTS_MAC_DESIGNED_FOR_IPHONE_IPAD = NO;
				SWIFT_EMIT_LOC_STRINGS = NO;
				SWIFT_VERSION = 5.0;
				TARGETED_DEVICE_FAMILY = 1;
				TEST_TARGET_NAME = "The-Stomping-Ground";
			};
			name = Debug;
		};
		113D7A4F294D73B40032A457 /* Release */ = {
			isa = XCBuildConfiguration;
			buildSettings = {
				ALWAYS_EMBED_SWIFT_STANDARD_LIBRARIES = YES;
				CODE_SIGN_STYLE = Automatic;
				CURRENT_PROJECT_VERSION = 1;
				DEVELOPMENT_TEAM = H3Z7K9ZZE8;
				GENERATE_INFOPLIST_FILE = YES;
				IPHONEOS_DEPLOYMENT_TARGET = 16.2;
				MACOSX_DEPLOYMENT_TARGET = 13.0;
				MARKETING_VERSION = 1.0;
				PRODUCT_BUNDLE_IDENTIFIER = "Camp-Stomping-Ground.The-Stomping-GroundUITests";
				PRODUCT_NAME = "$(TARGET_NAME)";
				SDKROOT = auto;
				SUPPORTED_PLATFORMS = "iphoneos iphonesimulator macosx";
				SUPPORTS_MACCATALYST = NO;
				SUPPORTS_MAC_DESIGNED_FOR_IPHONE_IPAD = NO;
				SWIFT_EMIT_LOC_STRINGS = NO;
				SWIFT_VERSION = 5.0;
				TARGETED_DEVICE_FAMILY = 1;
				TEST_TARGET_NAME = "The-Stomping-Ground";
			};
			name = Release;
		};
/* End XCBuildConfiguration section */

/* Begin XCConfigurationList section */
		113D7A1D294D73B30032A457 /* Build configuration list for PBXProject "The-Stomping-Ground" */ = {
			isa = XCConfigurationList;
			buildConfigurations = (
				113D7A45294D73B40032A457 /* Debug */,
				113D7A46294D73B40032A457 /* Release */,
			);
			defaultConfigurationIsVisible = 0;
			defaultConfigurationName = Release;
		};
		113D7A47294D73B40032A457 /* Build configuration list for PBXNativeTarget "The-Stomping-Ground" */ = {
			isa = XCConfigurationList;
			buildConfigurations = (
				113D7A48294D73B40032A457 /* Debug */,
				113D7A49294D73B40032A457 /* Release */,
			);
			defaultConfigurationIsVisible = 0;
			defaultConfigurationName = Release;
		};
		113D7A4A294D73B40032A457 /* Build configuration list for PBXNativeTarget "The-Stomping-GroundTests" */ = {
			isa = XCConfigurationList;
			buildConfigurations = (
				113D7A4B294D73B40032A457 /* Debug */,
				113D7A4C294D73B40032A457 /* Release */,
			);
			defaultConfigurationIsVisible = 0;
			defaultConfigurationName = Release;
		};
		113D7A4D294D73B40032A457 /* Build configuration list for PBXNativeTarget "The-Stomping-GroundUITests" */ = {
			isa = XCConfigurationList;
			buildConfigurations = (
				113D7A4E294D73B40032A457 /* Debug */,
				113D7A4F294D73B40032A457 /* Release */,
			);
			defaultConfigurationIsVisible = 0;
			defaultConfigurationName = Release;
		};
/* End XCConfigurationList section */

/* Begin XCRemoteSwiftPackageReference section */
		113D7A50294D75EF0032A457 /* XCRemoteSwiftPackageReference "firebase-ios-sdk" */ = {
			isa = XCRemoteSwiftPackageReference;
			repositoryURL = "https://github.com/firebase/firebase-ios-sdk.git";
			requirement = {
				kind = upToNextMajorVersion;
				minimumVersion = 9.0.0;
			};
		};
		114C8DFE294F6A5300028512 /* XCRemoteSwiftPackageReference "SDWebImageSwiftUI" */ = {
			isa = XCRemoteSwiftPackageReference;
			repositoryURL = "https://github.com/SDWebImage/SDWebImageSwiftUI.git";
			requirement = {
				kind = upToNextMajorVersion;
				minimumVersion = 2.0.0;
			};
		};
		11E236A929513C0B000ED3B1 /* XCRemoteSwiftPackageReference "SwiftUIX" */ = {
			isa = XCRemoteSwiftPackageReference;
			repositoryURL = "https://github.com/SwiftUIX/SwiftUIX.git";
			requirement = {
				kind = upToNextMajorVersion;
				minimumVersion = 0.1.3;
			};
		};
/* End XCRemoteSwiftPackageReference section */

/* Begin XCSwiftPackageProductDependency section */
		113D7A51294D75EF0032A457 /* FirebaseAuth */ = {
			isa = XCSwiftPackageProductDependency;
			package = 113D7A50294D75EF0032A457 /* XCRemoteSwiftPackageReference "firebase-ios-sdk" */;
			productName = FirebaseAuth;
		};
		113D7A53294D75EF0032A457 /* FirebaseDatabase */ = {
			isa = XCSwiftPackageProductDependency;
			package = 113D7A50294D75EF0032A457 /* XCRemoteSwiftPackageReference "firebase-ios-sdk" */;
			productName = FirebaseDatabase;
		};
		113D7A55294D75EF0032A457 /* FirebaseDatabaseSwift */ = {
			isa = XCSwiftPackageProductDependency;
			package = 113D7A50294D75EF0032A457 /* XCRemoteSwiftPackageReference "firebase-ios-sdk" */;
			productName = FirebaseDatabaseSwift;
		};
		113D7A57294D75EF0032A457 /* FirebaseFirestore */ = {
			isa = XCSwiftPackageProductDependency;
			package = 113D7A50294D75EF0032A457 /* XCRemoteSwiftPackageReference "firebase-ios-sdk" */;
			productName = FirebaseFirestore;
		};
		113D7A59294D75EF0032A457 /* FirebaseFirestoreSwift */ = {
			isa = XCSwiftPackageProductDependency;
			package = 113D7A50294D75EF0032A457 /* XCRemoteSwiftPackageReference "firebase-ios-sdk" */;
			productName = FirebaseFirestoreSwift;
		};
		113D7A5B294D75EF0032A457 /* FirebaseInAppMessaging-Beta */ = {
			isa = XCSwiftPackageProductDependency;
			package = 113D7A50294D75EF0032A457 /* XCRemoteSwiftPackageReference "firebase-ios-sdk" */;
			productName = "FirebaseInAppMessaging-Beta";
		};
		113D7A5D294D75EF0032A457 /* FirebaseInAppMessagingSwift-Beta */ = {
			isa = XCSwiftPackageProductDependency;
			package = 113D7A50294D75EF0032A457 /* XCRemoteSwiftPackageReference "firebase-ios-sdk" */;
			productName = "FirebaseInAppMessagingSwift-Beta";
		};
		113D7A5F294D75EF0032A457 /* FirebaseMessaging */ = {
			isa = XCSwiftPackageProductDependency;
			package = 113D7A50294D75EF0032A457 /* XCRemoteSwiftPackageReference "firebase-ios-sdk" */;
			productName = FirebaseMessaging;
		};
		113D7A61294D75EF0032A457 /* FirebaseStorage */ = {
			isa = XCSwiftPackageProductDependency;
			package = 113D7A50294D75EF0032A457 /* XCRemoteSwiftPackageReference "firebase-ios-sdk" */;
			productName = FirebaseStorage;
		};
		114C8DFF294F6A5300028512 /* SDWebImageSwiftUI */ = {
			isa = XCSwiftPackageProductDependency;
			package = 114C8DFE294F6A5300028512 /* XCRemoteSwiftPackageReference "SDWebImageSwiftUI" */;
			productName = SDWebImageSwiftUI;
		};
		11E236AA29513C0B000ED3B1 /* SwiftUIX */ = {
			isa = XCSwiftPackageProductDependency;
			package = 11E236A929513C0B000ED3B1 /* XCRemoteSwiftPackageReference "SwiftUIX" */;
			productName = SwiftUIX;
		};
/* End XCSwiftPackageProductDependency section */
	};
	rootObject = 113D7A1A294D73B30032A457 /* Project object */;
}
