// !$*UTF8*$!
{
	archiveVersion = 1;
	classes = {
	};
	objectVersion = 56;
	objects = {

/* Begin PBXBuildFile section */
		113D7A26294D73B30032A457 /* The_Stomping_GroundApp.swift in Sources */ = {isa = PBXBuildFile; fileRef = 113D7A25294D73B30032A457 /* The_Stomping_GroundApp.swift */; };
		113D7A2A294D73B40032A457 /* Assets.xcassets in Resources */ = {isa = PBXBuildFile; fileRef = 113D7A29294D73B40032A457 /* Assets.xcassets */; };
		113D7A2E294D73B40032A457 /* Preview Assets.xcassets in Resources */ = {isa = PBXBuildFile; fileRef = 113D7A2D294D73B40032A457 /* Preview Assets.xcassets */; };
		113D7A38294D73B40032A457 /* The_Stomping_GroundTests.swift in Sources */ = {isa = PBXBuildFile; fileRef = 113D7A37294D73B40032A457 /* The_Stomping_GroundTests.swift */; };
		113D7A42294D73B40032A457 /* The_Stomping_GroundUITests.swift in Sources */ = {isa = PBXBuildFile; fileRef = 113D7A41294D73B40032A457 /* The_Stomping_GroundUITests.swift */; };
		113D7A44294D73B40032A457 /* The_Stomping_GroundUITestsLaunchTests.swift in Sources */ = {isa = PBXBuildFile; fileRef = 113D7A43294D73B40032A457 /* The_Stomping_GroundUITestsLaunchTests.swift */; };
		113D7A52294D75EF0032A457 /* FirebaseAuth in Frameworks */ = {isa = PBXBuildFile; productRef = 113D7A51294D75EF0032A457 /* FirebaseAuth */; };
		113D7A54294D75EF0032A457 /* FirebaseDatabase in Frameworks */ = {isa = PBXBuildFile; productRef = 113D7A53294D75EF0032A457 /* FirebaseDatabase */; };
		113D7A56294D75EF0032A457 /* FirebaseDatabaseSwift in Frameworks */ = {isa = PBXBuildFile; productRef = 113D7A55294D75EF0032A457 /* FirebaseDatabaseSwift */; };
		113D7A58294D75EF0032A457 /* FirebaseFirestore in Frameworks */ = {isa = PBXBuildFile; productRef = 113D7A57294D75EF0032A457 /* FirebaseFirestore */; };
		113D7A5A294D75EF0032A457 /* FirebaseFirestoreSwift in Frameworks */ = {isa = PBXBuildFile; productRef = 113D7A59294D75EF0032A457 /* FirebaseFirestoreSwift */; };
		113D7A5C294D75EF0032A457 /* FirebaseInAppMessaging-Beta in Frameworks */ = {isa = PBXBuildFile; productRef = 113D7A5B294D75EF0032A457 /* FirebaseInAppMessaging-Beta */; };
		113D7A5E294D75EF0032A457 /* FirebaseInAppMessagingSwift-Beta in Frameworks */ = {isa = PBXBuildFile; productRef = 113D7A5D294D75EF0032A457 /* FirebaseInAppMessagingSwift-Beta */; };
		113D7A60294D75EF0032A457 /* FirebaseMessaging in Frameworks */ = {isa = PBXBuildFile; productRef = 113D7A5F294D75EF0032A457 /* FirebaseMessaging */; };
		113D7A62294D75EF0032A457 /* FirebaseStorage in Frameworks */ = {isa = PBXBuildFile; productRef = 113D7A61294D75EF0032A457 /* FirebaseStorage */; };
		113D7A6C294D77DD0032A457 /* LoginView.swift in Sources */ = {isa = PBXBuildFile; fileRef = 113D7A6B294D77DD0032A457 /* LoginView.swift */; };
		113D7A6E294D77DF0032A457 /* RegisterAccountView.swift in Sources */ = {isa = PBXBuildFile; fileRef = 113D7A6D294D77DF0032A457 /* RegisterAccountView.swift */; };
		114BC130295D502A007AF5D8 /* Camp Pictures in Resources */ = {isa = PBXBuildFile; fileRef = 114BC12F295D502A007AF5D8 /* Camp Pictures */; };
		114BC134295D56ED007AF5D8 /* HomeView.swift in Sources */ = {isa = PBXBuildFile; fileRef = 114BC133295D56ED007AF5D8 /* HomeView.swift */; };
		114BC137295D5A98007AF5D8 /* TweetRowView.swift in Sources */ = {isa = PBXBuildFile; fileRef = 114BC136295D5A98007AF5D8 /* TweetRowView.swift */; };
		114BC139295D9108007AF5D8 /* AddPostView.swift in Sources */ = {isa = PBXBuildFile; fileRef = 114BC138295D9108007AF5D8 /* AddPostView.swift */; };
		114BC13B295D97E4007AF5D8 /* SearchView.swift in Sources */ = {isa = PBXBuildFile; fileRef = 114BC13A295D97E4007AF5D8 /* SearchView.swift */; };
		114C8DFD294F67CD00028512 /* TruddyChatsViewModel.swift in Sources */ = {isa = PBXBuildFile; fileRef = 114C8DFC294F67CD00028512 /* TruddyChatsViewModel.swift */; };
		114C8E00294F6A5300028512 /* SDWebImageSwiftUI in Frameworks */ = {isa = PBXBuildFile; productRef = 114C8DFF294F6A5300028512 /* SDWebImageSwiftUI */; };
		114C8E02294F7E1300028512 /* CreateNewMessageViewModel.swift in Sources */ = {isa = PBXBuildFile; fileRef = 114C8E01294F7E1300028512 /* CreateNewMessageViewModel.swift */; };
		114C8E04294F7E4D00028512 /* CreateNewMessageView.swift in Sources */ = {isa = PBXBuildFile; fileRef = 114C8E03294F7E4D00028512 /* CreateNewMessageView.swift */; };
		11624581295EAA8B00C28664 /* NotificationsView.swift in Sources */ = {isa = PBXBuildFile; fileRef = 11624580295EAA8B00C28664 /* NotificationsView.swift */; };
		11624583295FC50E00C28664 /* MakerspaceView.swift in Sources */ = {isa = PBXBuildFile; fileRef = 11624582295FC50E00C28664 /* MakerspaceView.swift */; };
		11624585295FD2FA00C28664 /* StoryModel.swift in Sources */ = {isa = PBXBuildFile; fileRef = 11624584295FD2FA00C28664 /* StoryModel.swift */; };
		11624587295FD84800C28664 /* UserProfileView.swift in Sources */ = {isa = PBXBuildFile; fileRef = 11624586295FD84800C28664 /* UserProfileView.swift */; };
		118AE36B294D818D00331D6C /* Extensions.swift in Sources */ = {isa = PBXBuildFile; fileRef = 118AE36A294D818D00331D6C /* Extensions.swift */; };
		118AE36D294D92A900331D6C /* FirebaseManager.swift in Sources */ = {isa = PBXBuildFile; fileRef = 118AE36C294D92A900331D6C /* FirebaseManager.swift */; };
		118AE373294D9BFD00331D6C /* UserModel.swift in Sources */ = {isa = PBXBuildFile; fileRef = 118AE372294D9BFD00331D6C /* UserModel.swift */; };
		118AE375294D9C5200331D6C /* SelectProfileImageView.swift in Sources */ = {isa = PBXBuildFile; fileRef = 118AE374294D9C5200331D6C /* SelectProfileImageView.swift */; };
		118AE377294D9CB800331D6C /* EditProfileView.swift in Sources */ = {isa = PBXBuildFile; fileRef = 118AE376294D9CB800331D6C /* EditProfileView.swift */; };
		118AE37A294E95F800331D6C /* TruddyChatsView.swift in Sources */ = {isa = PBXBuildFile; fileRef = 118AE379294E95F800331D6C /* TruddyChatsView.swift */; };
		11DE0464294D7AEE00954E2E /* GoogleService-Info.plist in Resources */ = {isa = PBXBuildFile; fileRef = 11DE0463294D7AEE00954E2E /* GoogleService-Info.plist */; };
		11E23696294FC8AA000ED3B1 /* ChatLogView.swift in Sources */ = {isa = PBXBuildFile; fileRef = 11E23695294FC8AA000ED3B1 /* ChatLogView.swift */; };
		11E2369829501863000ED3B1 /* ChatLogViewModel.swift in Sources */ = {isa = PBXBuildFile; fileRef = 11E2369729501863000ED3B1 /* ChatLogViewModel.swift */; };
		11E2369B29502265000ED3B1 /* RecentMessage.swift in Sources */ = {isa = PBXBuildFile; fileRef = 11E2369A29502265000ED3B1 /* RecentMessage.swift */; };
		11E2369D295022C9000ED3B1 /* ChatMessage.swift in Sources */ = {isa = PBXBuildFile; fileRef = 11E2369C295022C9000ED3B1 /* ChatMessage.swift */; };
		11E236A029502472000ED3B1 /* FirebaseConstants.swift in Sources */ = {isa = PBXBuildFile; fileRef = 11E2369F29502472000ED3B1 /* FirebaseConstants.swift */; };
		11E236A229502BB8000ED3B1 /* MessageView.swift in Sources */ = {isa = PBXBuildFile; fileRef = 11E236A129502BB8000ED3B1 /* MessageView.swift */; };
		11E236A6295036AD000ED3B1 /* PostModel.swift in Sources */ = {isa = PBXBuildFile; fileRef = 11E236A5295036AD000ED3B1 /* PostModel.swift */; };
		11E236A82950374F000ED3B1 /* CommentModel.swift in Sources */ = {isa = PBXBuildFile; fileRef = 11E236A72950374F000ED3B1 /* CommentModel.swift */; };
		11E236AB29513C0B000ED3B1 /* SwiftUIX in Frameworks */ = {isa = PBXBuildFile; productRef = 11E236AA29513C0B000ED3B1 /* SwiftUIX */; };
/* End PBXBuildFile section */

/* Begin PBXContainerItemProxy section */
		113D7A34294D73B40032A457 /* PBXContainerItemProxy */ = {
			isa = PBXContainerItemProxy;
			containerPortal = 113D7A1A294D73B30032A457 /* Project object */;
			proxyType = 1;
			remoteGlobalIDString = 113D7A21294D73B30032A457;
			remoteInfo = "The-Stomping-Ground";
		};
		113D7A3E294D73B40032A457 /* PBXContainerItemProxy */ = {
			isa = PBXContainerItemProxy;
			containerPortal = 113D7A1A294D73B30032A457 /* Project object */;
			proxyType = 1;
			remoteGlobalIDString = 113D7A21294D73B30032A457;
			remoteInfo = "The-Stomping-Ground";
		};
/* End PBXContainerItemProxy section */

/* Begin PBXFileReference section */
		113D7A22294D73B30032A457 /* The-Stomping-Ground.app */ = {isa = PBXFileReference; explicitFileType = wrapper.application; includeInIndex = 0; path = "The-Stomping-Ground.app"; sourceTree = BUILT_PRODUCTS_DIR; };
		113D7A25294D73B30032A457 /* The_Stomping_GroundApp.swift */ = {isa = PBXFileReference; lastKnownFileType = sourcecode.swift; path = The_Stomping_GroundApp.swift; sourceTree = "<group>"; };
		113D7A29294D73B40032A457 /* Assets.xcassets */ = {isa = PBXFileReference; lastKnownFileType = folder.assetcatalog; path = Assets.xcassets; sourceTree = "<group>"; };
		113D7A2B294D73B40032A457 /* The_Stomping_Ground.entitlements */ = {isa = PBXFileReference; lastKnownFileType = text.plist.entitlements; path = The_Stomping_Ground.entitlements; sourceTree = "<group>"; };
		113D7A2D294D73B40032A457 /* Preview Assets.xcassets */ = {isa = PBXFileReference; lastKnownFileType = folder.assetcatalog; path = "Preview Assets.xcassets"; sourceTree = "<group>"; };
		113D7A33294D73B40032A457 /* The-Stomping-GroundTests.xctest */ = {isa = PBXFileReference; explicitFileType = wrapper.cfbundle; includeInIndex = 0; path = "The-Stomping-GroundTests.xctest"; sourceTree = BUILT_PRODUCTS_DIR; };
		113D7A37294D73B40032A457 /* The_Stomping_GroundTests.swift */ = {isa = PBXFileReference; lastKnownFileType = sourcecode.swift; path = The_Stomping_GroundTests.swift; sourceTree = "<group>"; };
		113D7A3D294D73B40032A457 /* The-Stomping-GroundUITests.xctest */ = {isa = PBXFileReference; explicitFileType = wrapper.cfbundle; includeInIndex = 0; path = "The-Stomping-GroundUITests.xctest"; sourceTree = BUILT_PRODUCTS_DIR; };
		113D7A41294D73B40032A457 /* The_Stomping_GroundUITests.swift */ = {isa = PBXFileReference; lastKnownFileType = sourcecode.swift; path = The_Stomping_GroundUITests.swift; sourceTree = "<group>"; };
		113D7A43294D73B40032A457 /* The_Stomping_GroundUITestsLaunchTests.swift */ = {isa = PBXFileReference; lastKnownFileType = sourcecode.swift; path = The_Stomping_GroundUITestsLaunchTests.swift; sourceTree = "<group>"; };
		113D7A6B294D77DD0032A457 /* LoginView.swift */ = {isa = PBXFileReference; lastKnownFileType = sourcecode.swift; path = LoginView.swift; sourceTree = "<group>"; };
		113D7A6D294D77DF0032A457 /* RegisterAccountView.swift */ = {isa = PBXFileReference; lastKnownFileType = sourcecode.swift; path = RegisterAccountView.swift; sourceTree = "<group>"; };
		114BC12F295D502A007AF5D8 /* Camp Pictures */ = {isa = PBXFileReference; fileEncoding = 4; lastKnownFileType = text; path = "Camp Pictures"; sourceTree = SOURCE_ROOT; };
		114BC133295D56ED007AF5D8 /* HomeView.swift */ = {isa = PBXFileReference; lastKnownFileType = sourcecode.swift; path = HomeView.swift; sourceTree = "<group>"; };
		114BC136295D5A98007AF5D8 /* TweetRowView.swift */ = {isa = PBXFileReference; lastKnownFileType = sourcecode.swift; path = TweetRowView.swift; sourceTree = "<group>"; };
		114BC138295D9108007AF5D8 /* AddPostView.swift */ = {isa = PBXFileReference; lastKnownFileType = sourcecode.swift; path = AddPostView.swift; sourceTree = "<group>"; };
		114BC13A295D97E4007AF5D8 /* SearchView.swift */ = {isa = PBXFileReference; lastKnownFileType = sourcecode.swift; path = SearchView.swift; sourceTree = "<group>"; };
		114C8DFC294F67CD00028512 /* TruddyChatsViewModel.swift */ = {isa = PBXFileReference; lastKnownFileType = sourcecode.swift; path = TruddyChatsViewModel.swift; sourceTree = "<group>"; };
		114C8E01294F7E1300028512 /* CreateNewMessageViewModel.swift */ = {isa = PBXFileReference; lastKnownFileType = sourcecode.swift; path = CreateNewMessageViewModel.swift; sourceTree = "<group>"; };
		114C8E03294F7E4D00028512 /* CreateNewMessageView.swift */ = {isa = PBXFileReference; lastKnownFileType = sourcecode.swift; path = CreateNewMessageView.swift; sourceTree = "<group>"; };
		11624580295EAA8B00C28664 /* NotificationsView.swift */ = {isa = PBXFileReference; lastKnownFileType = sourcecode.swift; path = NotificationsView.swift; sourceTree = "<group>"; };
		11624582295FC50E00C28664 /* MakerspaceView.swift */ = {isa = PBXFileReference; lastKnownFileType = sourcecode.swift; path = MakerspaceView.swift; sourceTree = "<group>"; };
		11624584295FD2FA00C28664 /* StoryModel.swift */ = {isa = PBXFileReference; lastKnownFileType = sourcecode.swift; path = StoryModel.swift; sourceTree = "<group>"; };
		11624586295FD84800C28664 /* UserProfileView.swift */ = {isa = PBXFileReference; lastKnownFileType = sourcecode.swift; path = UserProfileView.swift; sourceTree = "<group>"; };
		118AE36A294D818D00331D6C /* Extensions.swift */ = {isa = PBXFileReference; lastKnownFileType = sourcecode.swift; path = Extensions.swift; sourceTree = "<group>"; };
		118AE36C294D92A900331D6C /* FirebaseManager.swift */ = {isa = PBXFileReference; lastKnownFileType = sourcecode.swift; path = FirebaseManager.swift; sourceTree = "<group>"; };
		118AE372294D9BFD00331D6C /* UserModel.swift */ = {isa = PBXFileReference; lastKnownFileType = sourcecode.swift; path = UserModel.swift; sourceTree = "<group>"; };
		118AE374294D9C5200331D6C /* SelectProfileImageView.swift */ = {isa = PBXFileReference; lastKnownFileType = sourcecode.swift; path = SelectProfileImageView.swift; sourceTree = "<group>"; };
		118AE376294D9CB800331D6C /* EditProfileView.swift */ = {isa = PBXFileReference; lastKnownFileType = sourcecode.swift; path = EditProfileView.swift; sourceTree = "<group>"; };
		118AE379294E95F800331D6C /* TruddyChatsView.swift */ = {isa = PBXFileReference; lastKnownFileType = sourcecode.swift; path = TruddyChatsView.swift; sourceTree = "<group>"; };
		11DE0463294D7AEE00954E2E /* GoogleService-Info.plist */ = {isa = PBXFileReference; fileEncoding = 4; lastKnownFileType = text.plist.xml; name = "GoogleService-Info.plist"; path = "../../../../Downloads/GoogleService-Info.plist"; sourceTree = "<group>"; };
		11E23695294FC8AA000ED3B1 /* ChatLogView.swift */ = {isa = PBXFileReference; lastKnownFileType = sourcecode.swift; path = ChatLogView.swift; sourceTree = "<group>"; };
		11E2369729501863000ED3B1 /* ChatLogViewModel.swift */ = {isa = PBXFileReference; lastKnownFileType = sourcecode.swift; path = ChatLogViewModel.swift; sourceTree = "<group>"; };
		11E2369A29502265000ED3B1 /* RecentMessage.swift */ = {isa = PBXFileReference; lastKnownFileType = sourcecode.swift; path = RecentMessage.swift; sourceTree = "<group>"; };
		11E2369C295022C9000ED3B1 /* ChatMessage.swift */ = {isa = PBXFileReference; lastKnownFileType = sourcecode.swift; path = ChatMessage.swift; sourceTree = "<group>"; };
		11E2369F29502472000ED3B1 /* FirebaseConstants.swift */ = {isa = PBXFileReference; lastKnownFileType = sourcecode.swift; path = FirebaseConstants.swift; sourceTree = "<group>"; };
		11E236A129502BB8000ED3B1 /* MessageView.swift */ = {isa = PBXFileReference; lastKnownFileType = sourcecode.swift; path = MessageView.swift; sourceTree = "<group>"; };
		11E236A5295036AD000ED3B1 /* PostModel.swift */ = {isa = PBXFileReference; lastKnownFileType = sourcecode.swift; path = PostModel.swift; sourceTree = "<group>"; };
		11E236A72950374F000ED3B1 /* CommentModel.swift */ = {isa = PBXFileReference; lastKnownFileType = sourcecode.swift; path = CommentModel.swift; sourceTree = "<group>"; };
/* End PBXFileReference section */

/* Begin PBXFrameworksBuildPhase section */
		113D7A1F294D73B30032A457 /* Frameworks */ = {
			isa = PBXFrameworksBuildPhase;
			buildActionMask = 2147483647;
			files = (
				11E236AB29513C0B000ED3B1 /* SwiftUIX in Frameworks */,
				114C8E00294F6A5300028512 /* SDWebImageSwiftUI in Frameworks */,
				113D7A60294D75EF0032A457 /* FirebaseMessaging in Frameworks */,
				113D7A5A294D75EF0032A457 /* FirebaseFirestoreSwift in Frameworks */,
				113D7A62294D75EF0032A457 /* FirebaseStorage in Frameworks */,
				113D7A56294D75EF0032A457 /* FirebaseDatabaseSwift in Frameworks */,
				113D7A5E294D75EF0032A457 /* FirebaseInAppMessagingSwift-Beta in Frameworks */,
				113D7A58294D75EF0032A457 /* FirebaseFirestore in Frameworks */,
				113D7A54294D75EF0032A457 /* FirebaseDatabase in Frameworks */,
				113D7A52294D75EF0032A457 /* FirebaseAuth in Frameworks */,
				113D7A5C294D75EF0032A457 /* FirebaseInAppMessaging-Beta in Frameworks */,
			);
			runOnlyForDeploymentPostprocessing = 0;
		};
		113D7A30294D73B40032A457 /* Frameworks */ = {
			isa = PBXFrameworksBuildPhase;
			buildActionMask = 2147483647;
			files = (
			);
			runOnlyForDeploymentPostprocessing = 0;
		};
		113D7A3A294D73B40032A457 /* Frameworks */ = {
			isa = PBXFrameworksBuildPhase;
			buildActionMask = 2147483647;
			files = (
			);
			runOnlyForDeploymentPostprocessing = 0;
		};
/* End PBXFrameworksBuildPhase section */

/* Begin PBXGroup section */
		113D7A19294D73B30032A457 = {
			isa = PBXGroup;
			children = (
				113D7A24294D73B30032A457 /* The-Stomping-Ground */,
				113D7A36294D73B40032A457 /* The-Stomping-GroundTests */,
				113D7A40294D73B40032A457 /* The-Stomping-GroundUITests */,
				113D7A23294D73B30032A457 /* Products */,
			);
			sourceTree = "<group>";
		};
		113D7A23294D73B30032A457 /* Products */ = {
			isa = PBXGroup;
			children = (
				113D7A22294D73B30032A457 /* The-Stomping-Ground.app */,
				113D7A33294D73B40032A457 /* The-Stomping-GroundTests.xctest */,
				113D7A3D294D73B40032A457 /* The-Stomping-GroundUITests.xctest */,
			);
			name = Products;
			sourceTree = "<group>";
		};
		113D7A24294D73B30032A457 /* The-Stomping-Ground */ = {
			isa = PBXGroup;
			children = (
				11E2369E29502460000ED3B1 /* Utils */,
				11E2369929502204000ED3B1 /* Model */,
				118AE37C294E962400331D6C /* User-Authentication */,
				118AE37B294E95FE00331D6C /* User-Profile */,
				118AE378294E95DC00331D6C /* Truddy-Chats */,
				113D7A25294D73B30032A457 /* The_Stomping_GroundApp.swift */,
				113D7A29294D73B40032A457 /* Assets.xcassets */,
				114BC12F295D502A007AF5D8 /* Camp Pictures */,
				11DE0463294D7AEE00954E2E /* GoogleService-Info.plist */,
				113D7A2B294D73B40032A457 /* The_Stomping_Ground.entitlements */,
				113D7A2C294D73B40032A457 /* Preview Content */,
			);
			path = "The-Stomping-Ground";
			sourceTree = "<group>";
		};
		113D7A2C294D73B40032A457 /* Preview Content */ = {
			isa = PBXGroup;
			children = (
				113D7A2D294D73B40032A457 /* Preview Assets.xcassets */,
			);
			path = "Preview Content";
			sourceTree = "<group>";
		};
		113D7A36294D73B40032A457 /* The-Stomping-GroundTests */ = {
			isa = PBXGroup;
			children = (
				113D7A37294D73B40032A457 /* The_Stomping_GroundTests.swift */,
			);
			path = "The-Stomping-GroundTests";
			sourceTree = "<group>";
		};
		113D7A40294D73B40032A457 /* The-Stomping-GroundUITests */ = {
			isa = PBXGroup;
			children = (
				113D7A41294D73B40032A457 /* The_Stomping_GroundUITests.swift */,
				113D7A43294D73B40032A457 /* The_Stomping_GroundUITestsLaunchTests.swift */,
			);
			path = "The-Stomping-GroundUITests";
			sourceTree = "<group>";
		};
		114BC135295D5A81007AF5D8 /* Components */ = {
			isa = PBXGroup;
			children = (
				114BC136295D5A98007AF5D8 /* TweetRowView.swift */,
			);
			path = Components;
			sourceTree = "<group>";
		};
		118AE378294E95DC00331D6C /* Truddy-Chats */ = {
			isa = PBXGroup;
			children = (
				11E236A429502BFE000ED3B1 /* Models */,
				11E236A329502BE6000ED3B1 /* Views */,
			);
			path = "Truddy-Chats";
			sourceTree = "<group>";
		};
		118AE37B294E95FE00331D6C /* User-Profile */ = {
			isa = PBXGroup;
			children = (
				118AE376294D9CB800331D6C /* EditProfileView.swift */,
				118AE374294D9C5200331D6C /* SelectProfileImageView.swift */,
			);
			path = "User-Profile";
			sourceTree = "<group>";
		};
		118AE37C294E962400331D6C /* User-Authentication */ = {
			isa = PBXGroup;
			children = (
				113D7A6D294D77DF0032A457 /* RegisterAccountView.swift */,
				113D7A6B294D77DD0032A457 /* LoginView.swift */,
			);
			path = "User-Authentication";
			sourceTree = "<group>";
		};
		11E2369929502204000ED3B1 /* Model */ = {
			isa = PBXGroup;
			children = (
				11E2369A29502265000ED3B1 /* RecentMessage.swift */,
				11E2369C295022C9000ED3B1 /* ChatMessage.swift */,
				118AE372294D9BFD00331D6C /* UserModel.swift */,
				11E236A5295036AD000ED3B1 /* PostModel.swift */,
				11E236A72950374F000ED3B1 /* CommentModel.swift */,
				11624584295FD2FA00C28664 /* StoryModel.swift */,
			);
			path = Model;
			sourceTree = "<group>";
		};
		11E2369E29502460000ED3B1 /* Utils */ = {
			isa = PBXGroup;
			children = (
				118AE36A294D818D00331D6C /* Extensions.swift */,
				118AE36C294D92A900331D6C /* FirebaseManager.swift */,
				11E2369F29502472000ED3B1 /* FirebaseConstants.swift */,
			);
			path = Utils;
			sourceTree = "<group>";
		};
		11E236A329502BE6000ED3B1 /* Views */ = {
			isa = PBXGroup;
			children = (
				114BC135295D5A81007AF5D8 /* Components */,
				118AE379294E95F800331D6C /* TruddyChatsView.swift */,
				11E23695294FC8AA000ED3B1 /* ChatLogView.swift */,
				114C8E03294F7E4D00028512 /* CreateNewMessageView.swift */,
				11E236A129502BB8000ED3B1 /* MessageView.swift */,
				114BC133295D56ED007AF5D8 /* HomeView.swift */,
				114BC138295D9108007AF5D8 /* AddPostView.swift */,
				114BC13A295D97E4007AF5D8 /* SearchView.swift */,
				11624580295EAA8B00C28664 /* NotificationsView.swift */,
				11624582295FC50E00C28664 /* MakerspaceView.swift */,
				11624586295FD84800C28664 /* UserProfileView.swift */,
			);
			path = Views;
			sourceTree = "<group>";
		};
		11E236A429502BFE000ED3B1 /* Models */ = {
			isa = PBXGroup;
			children = (
				114C8DFC294F67CD00028512 /* TruddyChatsViewModel.swift */,
				11E2369729501863000ED3B1 /* ChatLogViewModel.swift */,
				114C8E01294F7E1300028512 /* CreateNewMessageViewModel.swift */,
			);
			path = Models;
			sourceTree = "<group>";
		};
/* End PBXGroup section */

/* Begin PBXNativeTarget section */
		113D7A21294D73B30032A457 /* The-Stomping-Ground */ = {
			isa = PBXNativeTarget;
			buildConfigurationList = 113D7A47294D73B40032A457 /* Build configuration list for PBXNativeTarget "The-Stomping-Ground" */;
			buildPhases = (
				113D7A1E294D73B30032A457 /* Sources */,
				113D7A1F294D73B30032A457 /* Frameworks */,
				113D7A20294D73B30032A457 /* Resources */,
			);
			buildRules = (
			);
			dependencies = (
			);
			name = "The-Stomping-Ground";
			packageProductDependencies = (
				113D7A51294D75EF0032A457 /* FirebaseAuth */,
				113D7A53294D75EF0032A457 /* FirebaseDatabase */,
				113D7A55294D75EF0032A457 /* FirebaseDatabaseSwift */,
				113D7A57294D75EF0032A457 /* FirebaseFirestore */,
				113D7A59294D75EF0032A457 /* FirebaseFirestoreSwift */,
				113D7A5B294D75EF0032A457 /* FirebaseInAppMessaging-Beta */,
				113D7A5D294D75EF0032A457 /* FirebaseInAppMessagingSwift-Beta */,
				113D7A5F294D75EF0032A457 /* FirebaseMessaging */,
				113D7A61294D75EF0032A457 /* FirebaseStorage */,
				114C8DFF294F6A5300028512 /* SDWebImageSwiftUI */,
				11E236AA29513C0B000ED3B1 /* SwiftUIX */,
			);
			productName = "The-Stomping-Ground";
			productReference = 113D7A22294D73B30032A457 /* The-Stomping-Ground.app */;
			productType = "com.apple.product-type.application";
		};
		113D7A32294D73B40032A457 /* The-Stomping-GroundTests */ = {
			isa = PBXNativeTarget;
			buildConfigurationList = 113D7A4A294D73B40032A457 /* Build configuration list for PBXNativeTarget "The-Stomping-GroundTests" */;
			buildPhases = (
				113D7A2F294D73B40032A457 /* Sources */,
				113D7A30294D73B40032A457 /* Frameworks */,
				113D7A31294D73B40032A457 /* Resources */,
			);
			buildRules = (
			);
			dependencies = (
				113D7A35294D73B40032A457 /* PBXTargetDependency */,
			);
			name = "The-Stomping-GroundTests";
			productName = "The-Stomping-GroundTests";
			productReference = 113D7A33294D73B40032A457 /* The-Stomping-GroundTests.xctest */;
			productType = "com.apple.product-type.bundle.unit-test";
		};
		113D7A3C294D73B40032A457 /* The-Stomping-GroundUITests */ = {
			isa = PBXNativeTarget;
			buildConfigurationList = 113D7A4D294D73B40032A457 /* Build configuration list for PBXNativeTarget "The-Stomping-GroundUITests" */;
			buildPhases = (
				113D7A39294D73B40032A457 /* Sources */,
				113D7A3A294D73B40032A457 /* Frameworks */,
				113D7A3B294D73B40032A457 /* Resources */,
			);
			buildRules = (
			);
			dependencies = (
				113D7A3F294D73B40032A457 /* PBXTargetDependency */,
			);
			name = "The-Stomping-GroundUITests";
			productName = "The-Stomping-GroundUITests";
			productReference = 113D7A3D294D73B40032A457 /* The-Stomping-GroundUITests.xctest */;
			productType = "com.apple.product-type.bundle.ui-testing";
		};
/* End PBXNativeTarget section */

/* Begin PBXProject section */
		113D7A1A294D73B30032A457 /* Project object */ = {
			isa = PBXProject;
			attributes = {
				BuildIndependentTargetsInParallel = 1;
				LastSwiftUpdateCheck = 1420;
				LastUpgradeCheck = 1420;
				TargetAttributes = {
					113D7A21294D73B30032A457 = {
						CreatedOnToolsVersion = 14.2;
					};
					113D7A32294D73B40032A457 = {
						CreatedOnToolsVersion = 14.2;
						TestTargetID = 113D7A21294D73B30032A457;
					};
					113D7A3C294D73B40032A457 = {
						CreatedOnToolsVersion = 14.2;
						TestTargetID = 113D7A21294D73B30032A457;
					};
				};
			};
			buildConfigurationList = 113D7A1D294D73B30032A457 /* Build configuration list for PBXProject "The-Stomping-Ground" */;
			compatibilityVersion = "Xcode 14.0";
			developmentRegion = en;
			hasScannedForEncodings = 0;
			knownRegions = (
				en,
				Base,
			);
			mainGroup = 113D7A19294D73B30032A457;
			packageReferences = (
				113D7A50294D75EF0032A457 /* XCRemoteSwiftPackageReference "firebase-ios-sdk" */,
				114C8DFE294F6A5300028512 /* XCRemoteSwiftPackageReference "SDWebImageSwiftUI" */,
				11E236A929513C0B000ED3B1 /* XCRemoteSwiftPackageReference "SwiftUIX" */,
			);
			productRefGroup = 113D7A23294D73B30032A457 /* Products */;
			projectDirPath = "";
			projectRoot = "";
			targets = (
				113D7A21294D73B30032A457 /* The-Stomping-Ground */,
				113D7A32294D73B40032A457 /* The-Stomping-GroundTests */,
				113D7A3C294D73B40032A457 /* The-Stomping-GroundUITests */,
			);
		};
/* End PBXProject section */

/* Begin PBXResourcesBuildPhase section */
		113D7A20294D73B30032A457 /* Resources */ = {
			isa = PBXResourcesBuildPhase;
			buildActionMask = 2147483647;
			files = (
				113D7A2E294D73B40032A457 /* Preview Assets.xcassets in Resources */,
				114BC130295D502A007AF5D8 /* Camp Pictures in Resources */,
				113D7A2A294D73B40032A457 /* Assets.xcassets in Resources */,
				11DE0464294D7AEE00954E2E /* GoogleService-Info.plist in Resources */,
			);
			runOnlyForDeploymentPostprocessing = 0;
		};
		113D7A31294D73B40032A457 /* Resources */ = {
			isa = PBXResourcesBuildPhase;
			buildActionMask = 2147483647;
			files = (
			);
			runOnlyForDeploymentPostprocessing = 0;
		};
		113D7A3B294D73B40032A457 /* Resources */ = {
			isa = PBXResourcesBuildPhase;
			buildActionMask = 2147483647;
			files = (
			);
			runOnlyForDeploymentPostprocessing = 0;
		};
/* End PBXResourcesBuildPhase section */

/* Begin PBXSourcesBuildPhase section */
		113D7A1E294D73B30032A457 /* Sources */ = {
			isa = PBXSourcesBuildPhase;
			buildActionMask = 2147483647;
			files = (
				11E23696294FC8AA000ED3B1 /* ChatLogView.swift in Sources */,
				11E2369D295022C9000ED3B1 /* ChatMessage.swift in Sources */,
				11624585295FD2FA00C28664 /* StoryModel.swift in Sources */,
				11E236A029502472000ED3B1 /* FirebaseConstants.swift in Sources */,
				114BC137295D5A98007AF5D8 /* TweetRowView.swift in Sources */,
				11624583295FC50E00C28664 /* MakerspaceView.swift in Sources */,
				114BC13B295D97E4007AF5D8 /* SearchView.swift in Sources */,
				11624587295FD84800C28664 /* UserProfileView.swift in Sources */,
				114C8DFD294F67CD00028512 /* TruddyChatsViewModel.swift in Sources */,
				11E2369B29502265000ED3B1 /* RecentMessage.swift in Sources */,
				114C8E02294F7E1300028512 /* CreateNewMessageViewModel.swift in Sources */,
				118AE36D294D92A900331D6C /* FirebaseManager.swift in Sources */,
				114C8E04294F7E4D00028512 /* CreateNewMessageView.swift in Sources */,
				118AE375294D9C5200331D6C /* SelectProfileImageView.swift in Sources */,
				118AE373294D9BFD00331D6C /* UserModel.swift in Sources */,
				118AE36B294D818D00331D6C /* Extensions.swift in Sources */,
				118AE37A294E95F800331D6C /* TruddyChatsView.swift in Sources */,
				11E236A229502BB8000ED3B1 /* MessageView.swift in Sources */,
				113D7A6C294D77DD0032A457 /* LoginView.swift in Sources */,
				11624581295EAA8B00C28664 /* NotificationsView.swift in Sources */,
				11E236A6295036AD000ED3B1 /* PostModel.swift in Sources */,
				114BC134295D56ED007AF5D8 /* HomeView.swift in Sources */,
				113D7A6E294D77DF0032A457 /* RegisterAccountView.swift in Sources */,
				11E2369829501863000ED3B1 /* ChatLogViewModel.swift in Sources */,
				114BC139295D9108007AF5D8 /* AddPostView.swift in Sources */,
				11E236A82950374F000ED3B1 /* CommentModel.swift in Sources */,
				118AE377294D9CB800331D6C /* EditProfileView.swift in Sources */,
				113D7A26294D73B30032A457 /* The_Stomping_GroundApp.swift in Sources */,
			);
			runOnlyForDeploymentPostprocessing = 0;
		};
		113D7A2F294D73B40032A457 /* Sources */ = {
			isa = PBXSourcesBuildPhase;
			buildActionMask = 2147483647;
			files = (
				113D7A38294D73B40032A457 /* The_Stomping_GroundTests.swift in Sources */,
			);
			runOnlyForDeploymentPostprocessing = 0;
		};
		113D7A39294D73B40032A457 /* Sources */ = {
			isa = PBXSourcesBuildPhase;
			buildActionMask = 2147483647;
			files = (
				113D7A44294D73B40032A457 /* The_Stomping_GroundUITestsLaunchTests.swift in Sources */,
				113D7A42294D73B40032A457 /* The_Stomping_GroundUITests.swift in Sources */,
			);
			runOnlyForDeploymentPostprocessing = 0;
		};
/* End PBXSourcesBuildPhase section */

/* Begin PBXTargetDependency section */
		113D7A35294D73B40032A457 /* PBXTargetDependency */ = {
			isa = PBXTargetDependency;
			target = 113D7A21294D73B30032A457 /* The-Stomping-Ground */;
			targetProxy = 113D7A34294D73B40032A457 /* PBXContainerItemProxy */;
		};
		113D7A3F294D73B40032A457 /* PBXTargetDependency */ = {
			isa = PBXTargetDependency;
			target = 113D7A21294D73B30032A457 /* The-Stomping-Ground */;
			targetProxy = 113D7A3E294D73B40032A457 /* PBXContainerItemProxy */;
		};
/* End PBXTargetDependency section */

/* Begin XCBuildConfiguration section */
		113D7A45294D73B40032A457 /* Debug */ = {
			isa = XCBuildConfiguration;
			buildSettings = {
				ALWAYS_SEARCH_USER_PATHS = NO;
				CLANG_ANALYZER_NONNULL = YES;
				CLANG_ANALYZER_NUMBER_OBJECT_CONVERSION = YES_AGGRESSIVE;
				CLANG_CXX_LANGUAGE_STANDARD = "gnu++20";
				CLANG_ENABLE_MODULES = YES;
				CLANG_ENABLE_OBJC_ARC = YES;
				CLANG_ENABLE_OBJC_WEAK = YES;
				CLANG_WARN_BLOCK_CAPTURE_AUTORELEASING = YES;
				CLANG_WARN_BOOL_CONVERSION = YES;
				CLANG_WARN_COMMA = YES;
				CLANG_WARN_CONSTANT_CONVERSION = YES;
				CLANG_WARN_DEPRECATED_OBJC_IMPLEMENTATIONS = YES;
				CLANG_WARN_DIRECT_OBJC_ISA_USAGE = YES_ERROR;
				CLANG_WARN_DOCUMENTATION_COMMENTS = YES;
				CLANG_WARN_EMPTY_BODY = YES;
				CLANG_WARN_ENUM_CONVERSION = YES;
				CLANG_WARN_INFINITE_RECURSION = YES;
				CLANG_WARN_INT_CONVERSION = YES;
				CLANG_WARN_NON_LITERAL_NULL_CONVERSION = YES;
				CLANG_WARN_OBJC_IMPLICIT_RETAIN_SELF = YES;
				CLANG_WARN_OBJC_LITERAL_CONVERSION = YES;
				CLANG_WARN_OBJC_ROOT_CLASS = YES_ERROR;
				CLANG_WARN_QUOTED_INCLUDE_IN_FRAMEWORK_HEADER = YES;
				CLANG_WARN_RANGE_LOOP_ANALYSIS = YES;
				CLANG_WARN_STRICT_PROTOTYPES = YES;
				CLANG_WARN_SUSPICIOUS_MOVE = YES;
				CLANG_WARN_UNGUARDED_AVAILABILITY = YES_AGGRESSIVE;
				CLANG_WARN_UNREACHABLE_CODE = YES;
				CLANG_WARN__DUPLICATE_METHOD_MATCH = YES;
				COPY_PHASE_STRIP = NO;
				DEBUG_INFORMATION_FORMAT = dwarf;
				ENABLE_STRICT_OBJC_MSGSEND = YES;
				ENABLE_TESTABILITY = YES;
				GCC_C_LANGUAGE_STANDARD = gnu11;
				GCC_DYNAMIC_NO_PIC = NO;
				GCC_NO_COMMON_BLOCKS = YES;
				GCC_OPTIMIZATION_LEVEL = 0;
				GCC_PREPROCESSOR_DEFINITIONS = (
					"DEBUG=1",
					"$(inherited)",
				);
				GCC_WARN_64_TO_32_BIT_CONVERSION = YES;
				GCC_WARN_ABOUT_RETURN_TYPE = YES_ERROR;
				GCC_WARN_UNDECLARED_SELECTOR = YES;
				GCC_WARN_UNINITIALIZED_AUTOS = YES_AGGRESSIVE;
				GCC_WARN_UNUSED_FUNCTION = YES;
				GCC_WARN_UNUSED_VARIABLE = YES;
				MTL_ENABLE_DEBUG_INFO = INCLUDE_SOURCE;
				MTL_FAST_MATH = YES;
				ONLY_ACTIVE_ARCH = YES;
				SWIFT_ACTIVE_COMPILATION_CONDITIONS = DEBUG;
				SWIFT_OPTIMIZATION_LEVEL = "-Onone";
			};
			name = Debug;
		};
		113D7A46294D73B40032A457 /* Release */ = {
			isa = XCBuildConfiguration;
			buildSettings = {
				ALWAYS_SEARCH_USER_PATHS = NO;
				CLANG_ANALYZER_NONNULL = YES;
				CLANG_ANALYZER_NUMBER_OBJECT_CONVERSION = YES_AGGRESSIVE;
				CLANG_CXX_LANGUAGE_STANDARD = "gnu++20";
				CLANG_ENABLE_MODULES = YES;
				CLANG_ENABLE_OBJC_ARC = YES;
				CLANG_ENABLE_OBJC_WEAK = YES;
				CLANG_WARN_BLOCK_CAPTURE_AUTORELEASING = YES;
				CLANG_WARN_BOOL_CONVERSION = YES;
				CLANG_WARN_COMMA = YES;
				CLANG_WARN_CONSTANT_CONVERSION = YES;
				CLANG_WARN_DEPRECATED_OBJC_IMPLEMENTATIONS = YES;
				CLANG_WARN_DIRECT_OBJC_ISA_USAGE = YES_ERROR;
				CLANG_WARN_DOCUMENTATION_COMMENTS = YES;
				CLANG_WARN_EMPTY_BODY = YES;
				CLANG_WARN_ENUM_CONVERSION = YES;
				CLANG_WARN_INFINITE_RECURSION = YES;
				CLANG_WARN_INT_CONVERSION = YES;
				CLANG_WARN_NON_LITERAL_NULL_CONVERSION = YES;
				CLANG_WARN_OBJC_IMPLICIT_RETAIN_SELF = YES;
				CLANG_WARN_OBJC_LITERAL_CONVERSION = YES;
				CLANG_WARN_OBJC_ROOT_CLASS = YES_ERROR;
				CLANG_WARN_QUOTED_INCLUDE_IN_FRAMEWORK_HEADER = YES;
				CLANG_WARN_RANGE_LOOP_ANALYSIS = YES;
				CLANG_WARN_STRICT_PROTOTYPES = YES;
				CLANG_WARN_SUSPICIOUS_MOVE = YES;
				CLANG_WARN_UNGUARDED_AVAILABILITY = YES_AGGRESSIVE;
				CLANG_WARN_UNREACHABLE_CODE = YES;
				CLANG_WARN__DUPLICATE_METHOD_MATCH = YES;
				COPY_PHASE_STRIP = NO;
				DEBUG_INFORMATION_FORMAT = "dwarf-with-dsym";
				ENABLE_NS_ASSERTIONS = NO;
				ENABLE_STRICT_OBJC_MSGSEND = YES;
				GCC_C_LANGUAGE_STANDARD = gnu11;
				GCC_NO_COMMON_BLOCKS = YES;
				GCC_WARN_64_TO_32_BIT_CONVERSION = YES;
				GCC_WARN_ABOUT_RETURN_TYPE = YES_ERROR;
				GCC_WARN_UNDECLARED_SELECTOR = YES;
				GCC_WARN_UNINITIALIZED_AUTOS = YES_AGGRESSIVE;
				GCC_WARN_UNUSED_FUNCTION = YES;
				GCC_WARN_UNUSED_VARIABLE = YES;
				MTL_ENABLE_DEBUG_INFO = NO;
				MTL_FAST_MATH = YES;
				SWIFT_COMPILATION_MODE = wholemodule;
				SWIFT_OPTIMIZATION_LEVEL = "-O";
			};
			name = Release;
		};
		113D7A48294D73B40032A457 /* Debug */ = {
			isa = XCBuildConfiguration;
			buildSettings = {
				ASSETCATALOG_COMPILER_APPICON_NAME = AppIcon;
				ASSETCATALOG_COMPILER_GLOBAL_ACCENT_COLOR_NAME = AccentColor;
				CODE_SIGN_ENTITLEMENTS = "The-Stomping-Ground/The_Stomping_Ground.entitlements";
				CODE_SIGN_STYLE = Automatic;
				CURRENT_PROJECT_VERSION = 1;
				DEVELOPMENT_ASSET_PATHS = "\"The-Stomping-Ground/Preview Content\"";
				DEVELOPMENT_TEAM = H3Z7K9ZZE8;
				ENABLE_HARDENED_RUNTIME = YES;
				ENABLE_PREVIEWS = YES;
				GENERATE_INFOPLIST_FILE = YES;
				"INFOPLIST_KEY_UIApplicationSceneManifest_Generation[sdk=iphoneos*]" = YES;
				"INFOPLIST_KEY_UIApplicationSceneManifest_Generation[sdk=iphonesimulator*]" = YES;
				"INFOPLIST_KEY_UIApplicationSupportsIndirectInputEvents[sdk=iphoneos*]" = YES;
				"INFOPLIST_KEY_UIApplicationSupportsIndirectInputEvents[sdk=iphonesimulator*]" = YES;
				"INFOPLIST_KEY_UILaunchScreen_Generation[sdk=iphoneos*]" = YES;
				"INFOPLIST_KEY_UILaunchScreen_Generation[sdk=iphonesimulator*]" = YES;
				"INFOPLIST_KEY_UIStatusBarStyle[sdk=iphoneos*]" = UIStatusBarStyleDefault;
				"INFOPLIST_KEY_UIStatusBarStyle[sdk=iphonesimulator*]" = UIStatusBarStyleDefault;
				INFOPLIST_KEY_UISupportedInterfaceOrientations_iPad = "UIInterfaceOrientationPortrait UIInterfaceOrientationPortraitUpsideDown UIInterfaceOrientationLandscapeLeft UIInterfaceOrientationLandscapeRight";
				INFOPLIST_KEY_UISupportedInterfaceOrientations_iPhone = "UIInterfaceOrientationPortrait UIInterfaceOrientationLandscapeLeft UIInterfaceOrientationLandscapeRight";
				IPHONEOS_DEPLOYMENT_TARGET = 16.2;
				LD_RUNPATH_SEARCH_PATHS = "@executable_path/Frameworks";
				"LD_RUNPATH_SEARCH_PATHS[sdk=macosx*]" = "@executable_path/../Frameworks";
				MACOSX_DEPLOYMENT_TARGET = 13.0;
				MARKETING_VERSION = 1.0;
				PRODUCT_BUNDLE_IDENTIFIER = "Camp-Stomping-Ground.The-Stomping-Ground";
				PRODUCT_NAME = "$(TARGET_NAME)";
				SDKROOT = auto;
				SUPPORTED_PLATFORMS = "iphoneos iphonesimulator macosx";
				SWIFT_EMIT_LOC_STRINGS = YES;
				SWIFT_VERSION = 5.0;
				TARGETED_DEVICE_FAMILY = "1,2";
			};
			name = Debug;
		};
		113D7A49294D73B40032A457 /* Release */ = {
			isa = XCBuildConfiguration;
			buildSettings = {
				ASSETCATALOG_COMPILER_APPICON_NAME = AppIcon;
				ASSETCATALOG_COMPILER_GLOBAL_ACCENT_COLOR_NAME = AccentColor;
				CODE_SIGN_ENTITLEMENTS = "The-Stomping-Ground/The_Stomping_Ground.entitlements";
				CODE_SIGN_STYLE = Automatic;
				CURRENT_PROJECT_VERSION = 1;
				DEVELOPMENT_ASSET_PATHS = "\"The-Stomping-Ground/Preview Content\"";
				DEVELOPMENT_TEAM = H3Z7K9ZZE8;
				ENABLE_HARDENED_RUNTIME = YES;
				ENABLE_PREVIEWS = YES;
				GENERATE_INFOPLIST_FILE = YES;
				"INFOPLIST_KEY_UIApplicationSceneManifest_Generation[sdk=iphoneos*]" = YES;
				"INFOPLIST_KEY_UIApplicationSceneManifest_Generation[sdk=iphonesimulator*]" = YES;
				"INFOPLIST_KEY_UIApplicationSupportsIndirectInputEvents[sdk=iphoneos*]" = YES;
				"INFOPLIST_KEY_UIApplicationSupportsIndirectInputEvents[sdk=iphonesimulator*]" = YES;
				"INFOPLIST_KEY_UILaunchScreen_Generation[sdk=iphoneos*]" = YES;
				"INFOPLIST_KEY_UILaunchScreen_Generation[sdk=iphonesimulator*]" = YES;
				"INFOPLIST_KEY_UIStatusBarStyle[sdk=iphoneos*]" = UIStatusBarStyleDefault;
				"INFOPLIST_KEY_UIStatusBarStyle[sdk=iphonesimulator*]" = UIStatusBarStyleDefault;
				INFOPLIST_KEY_UISupportedInterfaceOrientations_iPad = "UIInterfaceOrientationPortrait UIInterfaceOrientationPortraitUpsideDown UIInterfaceOrientationLandscapeLeft UIInterfaceOrientationLandscapeRight";
				INFOPLIST_KEY_UISupportedInterfaceOrientations_iPhone = "UIInterfaceOrientationPortrait UIInterfaceOrientationLandscapeLeft UIInterfaceOrientationLandscapeRight";
				IPHONEOS_DEPLOYMENT_TARGET = 16.2;
				LD_RUNPATH_SEARCH_PATHS = "@executable_path/Frameworks";
				"LD_RUNPATH_SEARCH_PATHS[sdk=macosx*]" = "@executable_path/../Frameworks";
				MACOSX_DEPLOYMENT_TARGET = 13.0;
				MARKETING_VERSION = 1.0;
				PRODUCT_BUNDLE_IDENTIFIER = "Camp-Stomping-Ground.The-Stomping-Ground";
				PRODUCT_NAME = "$(TARGET_NAME)";
				SDKROOT = auto;
				SUPPORTED_PLATFORMS = "iphoneos iphonesimulator macosx";
				SWIFT_EMIT_LOC_STRINGS = YES;
				SWIFT_VERSION = 5.0;
				TARGETED_DEVICE_FAMILY = "1,2";
			};
			name = Release;
		};
		113D7A4B294D73B40032A457 /* Debug */ = {
			isa = XCBuildConfiguration;
			buildSettings = {
				ALWAYS_EMBED_SWIFT_STANDARD_LIBRARIES = YES;
				BUNDLE_LOADER = "$(TEST_HOST)";
				CODE_SIGN_STYLE = Automatic;
				CURRENT_PROJECT_VERSION = 1;
				DEVELOPMENT_TEAM = H3Z7K9ZZE8;
				GENERATE_INFOPLIST_FILE = YES;
				IPHONEOS_DEPLOYMENT_TARGET = 16.2;
				MACOSX_DEPLOYMENT_TARGET = 13.0;
				MARKETING_VERSION = 1.0;
				PRODUCT_BUNDLE_IDENTIFIER = "Camp-Stomping-Ground.The-Stomping-GroundTests";
				PRODUCT_NAME = "$(TARGET_NAME)";
				SDKROOT = auto;
				SUPPORTED_PLATFORMS = "iphoneos iphonesimulator macosx";
				SWIFT_EMIT_LOC_STRINGS = NO;
				SWIFT_VERSION = 5.0;
				TARGETED_DEVICE_FAMILY = "1,2";
				TEST_HOST = "$(BUILT_PRODUCTS_DIR)/The-Stomping-Ground.app/$(BUNDLE_EXECUTABLE_FOLDER_PATH)/The-Stomping-Ground";
			};
			name = Debug;
		};
		113D7A4C294D73B40032A457 /* Release */ = {
			isa = XCBuildConfiguration;
			buildSettings = {
				ALWAYS_EMBED_SWIFT_STANDARD_LIBRARIES = YES;
				BUNDLE_LOADER = "$(TEST_HOST)";
				CODE_SIGN_STYLE = Automatic;
				CURRENT_PROJECT_VERSION = 1;
				DEVELOPMENT_TEAM = H3Z7K9ZZE8;
				GENERATE_INFOPLIST_FILE = YES;
				IPHONEOS_DEPLOYMENT_TARGET = 16.2;
				MACOSX_DEPLOYMENT_TARGET = 13.0;
				MARKETING_VERSION = 1.0;
				PRODUCT_BUNDLE_IDENTIFIER = "Camp-Stomping-Ground.The-Stomping-GroundTests";
				PRODUCT_NAME = "$(TARGET_NAME)";
				SDKROOT = auto;
				SUPPORTED_PLATFORMS = "iphoneos iphonesimulator macosx";
				SWIFT_EMIT_LOC_STRINGS = NO;
				SWIFT_VERSION = 5.0;
				TARGETED_DEVICE_FAMILY = "1,2";
				TEST_HOST = "$(BUILT_PRODUCTS_DIR)/The-Stomping-Ground.app/$(BUNDLE_EXECUTABLE_FOLDER_PATH)/The-Stomping-Ground";
			};
			name = Release;
		};
		113D7A4E294D73B40032A457 /* Debug */ = {
			isa = XCBuildConfiguration;
			buildSettings = {
				ALWAYS_EMBED_SWIFT_STANDARD_LIBRARIES = YES;
				CODE_SIGN_STYLE = Automatic;
				CURRENT_PROJECT_VERSION = 1;
				DEVELOPMENT_TEAM = H3Z7K9ZZE8;
				GENERATE_INFOPLIST_FILE = YES;
				IPHONEOS_DEPLOYMENT_TARGET = 16.2;
				MACOSX_DEPLOYMENT_TARGET = 13.0;
				MARKETING_VERSION = 1.0;
				PRODUCT_BUNDLE_IDENTIFIER = "Camp-Stomping-Ground.The-Stomping-GroundUITests";
				PRODUCT_NAME = "$(TARGET_NAME)";
				SDKROOT = auto;
				SUPPORTED_PLATFORMS = "iphoneos iphonesimulator macosx";
				SWIFT_EMIT_LOC_STRINGS = NO;
				SWIFT_VERSION = 5.0;
				TARGETED_DEVICE_FAMILY = "1,2";
				TEST_TARGET_NAME = "The-Stomping-Ground";
			};
			name = Debug;
		};
		113D7A4F294D73B40032A457 /* Release */ = {
			isa = XCBuildConfiguration;
			buildSettings = {
				ALWAYS_EMBED_SWIFT_STANDARD_LIBRARIES = YES;
				CODE_SIGN_STYLE = Automatic;
				CURRENT_PROJECT_VERSION = 1;
				DEVELOPMENT_TEAM = H3Z7K9ZZE8;
				GENERATE_INFOPLIST_FILE = YES;
				IPHONEOS_DEPLOYMENT_TARGET = 16.2;
				MACOSX_DEPLOYMENT_TARGET = 13.0;
				MARKETING_VERSION = 1.0;
				PRODUCT_BUNDLE_IDENTIFIER = "Camp-Stomping-Ground.The-Stomping-GroundUITests";
				PRODUCT_NAME = "$(TARGET_NAME)";
				SDKROOT = auto;
				SUPPORTED_PLATFORMS = "iphoneos iphonesimulator macosx";
				SWIFT_EMIT_LOC_STRINGS = NO;
				SWIFT_VERSION = 5.0;
				TARGETED_DEVICE_FAMILY = "1,2";
				TEST_TARGET_NAME = "The-Stomping-Ground";
			};
			name = Release;
		};
/* End XCBuildConfiguration section */

/* Begin XCConfigurationList section */
		113D7A1D294D73B30032A457 /* Build configuration list for PBXProject "The-Stomping-Ground" */ = {
			isa = XCConfigurationList;
			buildConfigurations = (
				113D7A45294D73B40032A457 /* Debug */,
				113D7A46294D73B40032A457 /* Release */,
			);
			defaultConfigurationIsVisible = 0;
			defaultConfigurationName = Release;
		};
		113D7A47294D73B40032A457 /* Build configuration list for PBXNativeTarget "The-Stomping-Ground" */ = {
			isa = XCConfigurationList;
			buildConfigurations = (
				113D7A48294D73B40032A457 /* Debug */,
				113D7A49294D73B40032A457 /* Release */,
			);
			defaultConfigurationIsVisible = 0;
			defaultConfigurationName = Release;
		};
		113D7A4A294D73B40032A457 /* Build configuration list for PBXNativeTarget "The-Stomping-GroundTests" */ = {
			isa = XCConfigurationList;
			buildConfigurations = (
				113D7A4B294D73B40032A457 /* Debug */,
				113D7A4C294D73B40032A457 /* Release */,
			);
			defaultConfigurationIsVisible = 0;
			defaultConfigurationName = Release;
		};
		113D7A4D294D73B40032A457 /* Build configuration list for PBXNativeTarget "The-Stomping-GroundUITests" */ = {
			isa = XCConfigurationList;
			buildConfigurations = (
				113D7A4E294D73B40032A457 /* Debug */,
				113D7A4F294D73B40032A457 /* Release */,
			);
			defaultConfigurationIsVisible = 0;
			defaultConfigurationName = Release;
		};
/* End XCConfigurationList section */

/* Begin XCRemoteSwiftPackageReference section */
		113D7A50294D75EF0032A457 /* XCRemoteSwiftPackageReference "firebase-ios-sdk" */ = {
			isa = XCRemoteSwiftPackageReference;
			repositoryURL = "https://github.com/firebase/firebase-ios-sdk.git";
			requirement = {
				kind = upToNextMajorVersion;
				minimumVersion = 9.0.0;
			};
		};
		114C8DFE294F6A5300028512 /* XCRemoteSwiftPackageReference "SDWebImageSwiftUI" */ = {
			isa = XCRemoteSwiftPackageReference;
			repositoryURL = "https://github.com/SDWebImage/SDWebImageSwiftUI.git";
			requirement = {
				kind = upToNextMajorVersion;
				minimumVersion = 2.0.0;
			};
		};
		11E236A929513C0B000ED3B1 /* XCRemoteSwiftPackageReference "SwiftUIX" */ = {
			isa = XCRemoteSwiftPackageReference;
			repositoryURL = "https://github.com/SwiftUIX/SwiftUIX.git";
			requirement = {
				kind = upToNextMajorVersion;
				minimumVersion = 0.1.3;
			};
		};
/* End XCRemoteSwiftPackageReference section */

/* Begin XCSwiftPackageProductDependency section */
		113D7A51294D75EF0032A457 /* FirebaseAuth */ = {
			isa = XCSwiftPackageProductDependency;
			package = 113D7A50294D75EF0032A457 /* XCRemoteSwiftPackageReference "firebase-ios-sdk" */;
			productName = FirebaseAuth;
		};
		113D7A53294D75EF0032A457 /* FirebaseDatabase */ = {
			isa = XCSwiftPackageProductDependency;
			package = 113D7A50294D75EF0032A457 /* XCRemoteSwiftPackageReference "firebase-ios-sdk" */;
			productName = FirebaseDatabase;
		};
		113D7A55294D75EF0032A457 /* FirebaseDatabaseSwift */ = {
			isa = XCSwiftPackageProductDependency;
			package = 113D7A50294D75EF0032A457 /* XCRemoteSwiftPackageReference "firebase-ios-sdk" */;
			productName = FirebaseDatabaseSwift;
		};
		113D7A57294D75EF0032A457 /* FirebaseFirestore */ = {
			isa = XCSwiftPackageProductDependency;
			package = 113D7A50294D75EF0032A457 /* XCRemoteSwiftPackageReference "firebase-ios-sdk" */;
			productName = FirebaseFirestore;
		};
		113D7A59294D75EF0032A457 /* FirebaseFirestoreSwift */ = {
			isa = XCSwiftPackageProductDependency;
			package = 113D7A50294D75EF0032A457 /* XCRemoteSwiftPackageReference "firebase-ios-sdk" */;
			productName = FirebaseFirestoreSwift;
		};
		113D7A5B294D75EF0032A457 /* FirebaseInAppMessaging-Beta */ = {
			isa = XCSwiftPackageProductDependency;
			package = 113D7A50294D75EF0032A457 /* XCRemoteSwiftPackageReference "firebase-ios-sdk" */;
			productName = "FirebaseInAppMessaging-Beta";
		};
		113D7A5D294D75EF0032A457 /* FirebaseInAppMessagingSwift-Beta */ = {
			isa = XCSwiftPackageProductDependency;
			package = 113D7A50294D75EF0032A457 /* XCRemoteSwiftPackageReference "firebase-ios-sdk" */;
			productName = "FirebaseInAppMessagingSwift-Beta";
		};
		113D7A5F294D75EF0032A457 /* FirebaseMessaging */ = {
			isa = XCSwiftPackageProductDependency;
			package = 113D7A50294D75EF0032A457 /* XCRemoteSwiftPackageReference "firebase-ios-sdk" */;
			productName = FirebaseMessaging;
		};
		113D7A61294D75EF0032A457 /* FirebaseStorage */ = {
			isa = XCSwiftPackageProductDependency;
			package = 113D7A50294D75EF0032A457 /* XCRemoteSwiftPackageReference "firebase-ios-sdk" */;
			productName = FirebaseStorage;
		};
		114C8DFF294F6A5300028512 /* SDWebImageSwiftUI */ = {
			isa = XCSwiftPackageProductDependency;
			package = 114C8DFE294F6A5300028512 /* XCRemoteSwiftPackageReference "SDWebImageSwiftUI" */;
			productName = SDWebImageSwiftUI;
		};
		11E236AA29513C0B000ED3B1 /* SwiftUIX */ = {
			isa = XCSwiftPackageProductDependency;
			package = 11E236A929513C0B000ED3B1 /* XCRemoteSwiftPackageReference "SwiftUIX" */;
			productName = SwiftUIX;
		};
/* End XCSwiftPackageProductDependency section */
	};
	rootObject = 113D7A1A294D73B30032A457 /* Project object */;
}
